{
  "version": 4,
  "terraform_version": "0.12.31",
  "serial": 52,
  "lineage": "a65e968f-3b72-4bc3-2394-35ed3aa9c7ef",
  "outputs": {
    "backend_server_host_ip_addresses": {
      "value": [
        [
          null
        ]
      ],
      "type": [
        "tuple",
        [
          [
            "tuple",
            [
              "string"
            ]
          ]
        ]
      ]
    },
    "bastion_host_ip_address": {
      "value": "52.116.129.247",
      "type": "string"
    },
    "frontend_server_host_ip_addresses": {
      "value": [
        [
          null,
          null
        ]
      ],
      "type": [
        "tuple",
        [
          [
            "tuple",
            [
              "string",
              "string"
            ]
          ]
        ]
      ]
    }
  },
  "resources": [
    {
      "mode": "data",
      "type": "external",
      "name": "env",
      "provider": "provider.external",
      "instances": [
        {
          "schema_version": 0,
          "attributes": {
            "id": "-",
            "program": [
              "jq",
              "-n",
              "env"
            ],
            "query": null,
            "result": {
              "GOPATH": "/Users/amitnakod/goblueprint",
              "GOPRIVATE": "*.ibm.com",
              "HOME": "/Users/amitnakod",
              "IC_API_KEY": "4pJBfkwOqCgIlGGctVuTgaWS_1i758jZF67JjHWKV9jH",
              "LC_CTYPE": "UTF-8",
              "LOGNAME": "amitnakod",
              "LaunchInstanceID": "0463D12E-DB42-4457-8242-A8A0E0F4716D",
              "OLDPWD": "/Users/amitnakod/Downloads/multitier-vpc-bastion-host-master/.terraform",
              "PATH": "/usr/local/Cellar/terraform-ls/0.23.0/bin/terraform15:/usr/local/Cellar/terraform/terraform15:/Users/amitnakod/openapi-sdkgen23:/Users/amitnakod/goblueprint/bin:/bin:/usr/bin:/usr/local/bin:/Users/amitnakod/Library/Python/3.9/bin:/usr/local/opt/python@3.9/bin:/Library/Frameworks/Python.framework/Versions/3.9/bin:/opt/local/bin:/opt/local/sbin:/usr/local/bin:/usr/bin:/bin:/usr/sbin:/sbin:/usr/local/go/bin",
              "PLUGIN_CLIENT_CERT": "-----BEGIN CERTIFICATE-----\nMIICMDCCAZGgAwIBAgIQRWoDVxmzlJHQMC4bwh0aLzAKBggqhkjOPQQDBDAoMRIw\nEAYDVQQKEwlIYXNoaUNvcnAxEjAQBgNVBAMTCWxvY2FsaG9zdDAgFw0yMTEwMjkw\nNjU0NTRaGA8yMDUxMTAyOTE4NTUyNFowKDESMBAGA1UEChMJSGFzaGlDb3JwMRIw\nEAYDVQQDEwlsb2NhbGhvc3QwgZswEAYHKoZIzj0CAQYFK4EEACMDgYYABACUNk5Z\na5GCRu2zPED8SRDmbVltiTHSDuH71eiMlO4CoGTKKqRwwshBgrVpy/aN8RDiCiIQ\nN4Wc8st3gLuB6Ocb1ABr5s62pp9N3d6QrwM2rMmaczd4o/ZsDtIR2kNsOcJpbpk/\ngMfn9GtopbSVtw4FtDX5N5NLD8m6IlBb3tlGJh+7A6NYMFYwDgYDVR0PAQH/BAQD\nAgKsMB0GA1UdJQQWMBQGCCsGAQUFBwMCBggrBgEFBQcDATAPBgNVHRMBAf8EBTAD\nAQH/MBQGA1UdEQQNMAuCCWxvY2FsaG9zdDAKBggqhkjOPQQDBAOBjAAwgYgCQgEG\nSVS2LUec9ZSUm6X6rW4av1UYj5ygQgYDMdfoo4SysQpkRwbvS+T6IaP3sHq0NToW\nwFwMcMnQxhkwLSmqCcMByAJCAWy1EjL5SsuVvJ6/7cnnDSyx3yQZ+jfRr9diNd4K\nr9zjsq1S7UtAuyKsJ4dYQRWWhP4TaQjwoMi4cs6U14grcgzE\n-----END CERTIFICATE-----\n",
              "PLUGIN_MAX_PORT": "25000",
              "PLUGIN_MIN_PORT": "10000",
              "PLUGIN_PROTOCOL_VERSIONS": "5",
              "PWD": "/Users/amitnakod/Downloads/multitier-vpc-bastion-host-master",
              "SECURITYSESSIONID": "186a6",
              "SHELL": "/bin/zsh",
              "SHLVL": "1",
              "SSH_AUTH_SOCK": "/private/tmp/com.apple.launchd.yOvQyt25bf/Listeners",
              "TERM": "xterm-256color",
              "TERM_PROGRAM": "Apple_Terminal",
              "TERM_PROGRAM_VERSION": "443",
              "TERM_SESSION_ID": "B14430B2-9369-4D05-B939-BCBA9F8F02BA",
              "TF_LOG": "trace",
              "TF_PLUGIN_MAGIC_COOKIE": "d602bf8f470bc67ca7faa0386276bbdd4330efaf76d1a219cb4d6991ca9872b2",
              "TMPDIR": "/var/folders/36/5dls76hn1f785x2ffkk_hfpm0000gn/T/",
              "USER": "amitnakod",
              "XPC_FLAGS": "0x0",
              "XPC_SERVICE_NAME": "0",
              "_": "/usr/local/bin/terraform",
              "__CFBundleIdentifier": "com.apple.Terminal",
              "iam_refresh_token": "eyJhbGciOiJydCJ9.eyJzZXNzaW9uX2lkIjoiQy00ZGJkODRmOC1hNmQ0LTRjY2QtYWQzNC0xZTAzNTJmYzFmMzYiLCJpYW1faWQiOiJJQk1pZC01NTAwMEE0QlFKIiwiYWNjb3VudF9pZCI6IjFmNzI3NzE5NGJiNzQ4Y2RiMWQzNWZkOGZiODVhN2NiIn0.dZVNj7ecEmJP2M_uWOlBdIpYjVbM-Teq7sjhfdPLctk7p5N5DWfOSlyRNd6HRcFtRMPoiQho8_6NpTCGDM1y47vhyd1c-1OQyTpA76PHQl0xnLaUUxNJa-3FQJOoNoSe10UZ-UV9wv6yNHJ_ywBza3g2UHfbECznFuyv4UeLx2J09ghyHRGjbWj3mf5KU7iYGTetmLY1t_5r47PnjbYxQCWYfpCDkFiFaqiXY7hoyh2mmvF5XeRVVbG9wi-HVdJBgSTi5CQG7Xx8XY7byp0gWHXyANxCnnXpGZI6oN45Jw6c2Da2NR2NPxRU2llNxs4wZgR_natiaR8YxMWlVy6U5XKHbpUgCzqaRHfAx0PDf4uR_gbY2jG0chOTnHIoyoCWmuqhPomMz9OlIu2_xAdXx6K0nL-g7PD7CgLN5zT2pluRqqrzVU8UjU4M9lTLsdwGvtt0bUnGtxx4c9V4SF7GbDv8-HqGyFrRh49BAVvhY3ZVd8EKoAmiWk1rRy3bdxHUJuRRWielh8iV67Ckq5LP4E_GRqyxebgJ8rOLNIAhhcnK49-R9whJykziB_m0fdw9iADeptOEyE1sU4fGIOYBRZC_dC59asN2H55ah6F8iiqTqIccngQn2kRWQ56vV_aea4eZFlGMcHav-mjjhi1tVtYf9iWbRmejMh7RSEY02UHR7jd6FOhO_lIQjedmtmcpMOut5G9WpNGVpDME2z_JXG3SQ3R5-FDyGoxx9QCG_hviPbhntExOjlcMWxyjHAXgyvdI7Cg2C6FmZHM88RR0Kq1GNxsA7CQlg8PhZq8bcsI-eZjS4FJoPKh5XVSpvbNEZQ6EDfbW_xzJvEHb99R4SJb2jonzKmeZa1Y4RauN3fZl_a2DPib284U3ih0moJWtTu6ghkS6PmKxLk-eQ0r-nYnSljg2i6QXZXU8eUN3jRAkk1sFK1HHlG1oXcGR8ZUW98xLzaysJISZ3GgDwz_Qm-bb5JCB3mlqcSviI87k7HuKCTpU4qNrfBi7Mfjh19mXtazcf5Oiteqad2ffo_YnN18-lpv2KqrAjWaKr1BwfFc-doAyeAAOncaFu1HfFBk8_xhUnvZHjS_j8cl5EGCglhaVog8RpFl_ivB1-1aaDeoyTX133wwKP9oKpAmOuD4v5u2wiF6cLfEtgfk4sRqbt_6OnWBzzRsPDHVuB2GIVgr3bNPEd33m0jibVacZRxU1YazDOmPFWUeZDTi1thExmgiTqhbKidPUEje5HnjV0s06xYN_1fNtXl2_NaQLvYQEST-mx7obID2MvI9YqlhnUKA_EAmqUFkGXgf_1CRFslB_-linTEPrVM6CAWada4hlWdDa5q-cLPTNy9imEOOfkudnT1gBCeTKaev_dHPQGpfmB3Unl0lnAe3qgJhoh2tW5Ew",
              "iam_token": "eyJraWQiOiIyMDIxMTAxODA4MTkiLCJhbGciOiJSUzI1NiJ9.eyJpYW1faWQiOiJJQk1pZC01NTAwMEE0QlFKIiwiaWQiOiJJQk1pZC01NTAwMEE0QlFKIiwicmVhbG1pZCI6IklCTWlkIiwic2Vzc2lvbl9pZCI6IkMtNGRiZDg0ZjgtYTZkNC00Y2NkLWFkMzQtMWUwMzUyZmMxZjM2IiwianRpIjoiZjVjZGMyNGUtMDdlMS00Mjc1LTk2MWMtNDljNTIwMzMwZmMxIiwiaWRlbnRpZmllciI6IjU1MDAwQTRCUUoiLCJnaXZlbl9uYW1lIjoiQW1pdCIsImZhbWlseV9uYW1lIjoiTmFrb2QiLCJuYW1lIjoiQW1pdCBOYWtvZCIsImVtYWlsIjoiQW1pdC5OYWtvZEBpYm0uY29tIiwic3ViIjoiQW1pdC5OYWtvZEBpYm0uY29tIiwiYXV0aG4iOnsic3ViIjoiQW1pdC5OYWtvZEBpYm0uY29tIiwiaWFtX2lkIjoiSUJNaWQtNTUwMDBBNEJRSiIsIm5hbWUiOiJBbWl0IE5ha29kIiwiZ2l2ZW5fbmFtZSI6IkFtaXQiLCJmYW1pbHlfbmFtZSI6Ik5ha29kIiwiZW1haWwiOiJBbWl0Lk5ha29kQGlibS5jb20ifSwiYWNjb3VudCI6eyJib3VuZGFyeSI6Imdsb2JhbCIsInZhbGlkIjp0cnVlLCJic3MiOiIxZjcyNzcxOTRiYjc0OGNkYjFkMzVmZDhmYjg1YTdjYiIsImltc191c2VyX2lkIjoiOTU4NTkxNCIsImltcyI6IjIzMTEwNzAifSwiaWF0IjoxNjM1NDIwMTU1LCJleHAiOjE2MzU0MjEzNTUsImlzcyI6Imh0dHBzOi8vaWFtLmNsb3VkLmlibS5jb20vaWRlbnRpdHkiLCJncmFudF90eXBlIjoidXJuOmlibTpwYXJhbXM6b2F1dGg6Z3JhbnQtdHlwZTpwYXNzY29kZSIsInNjb3BlIjoiaWJtIG9wZW5pZCIsImNsaWVudF9pZCI6ImJ4IiwiYWNyIjozLCJhbXIiOlsidG90cCIsIm1mYSIsIm90cCIsInB3ZCJdfQ.YOoF3Md92DwNrr2Jfx8mX3at0nhGCb9FJQhvWkaPBcsmIKBFFt1syygX1uvQ5fxOOsmuXNnP_v9M7l5p3_RB6nrapEhUuKuNvn47LfMWhWIbS6qnkaTAc1soxmP-qQOYq6ywqdVY-FlqqklSIANGAqA22xfX3SmYtt6GfMTsEXfjKBAG9Gq0y2PfzbuAnUpMOu35a0JmlsVoOcef66aTyQzKT71oKXUuUvk8nt8MTQHNUACSwa2i4-bhmL60TL9I3qnN-psWhHwvaFiQU15ZwQ3-gY2u7fCt4GMWciT91c2YG3GCDmlu3S_03g7LcA1D86LuNa5EoXd1D8s5q1xItg"
            },
            "working_dir": null
          }
        }
      ]
    },
    {
      "mode": "data",
      "type": "ibm_is_image",
      "name": "os",
      "provider": "provider.ibm",
      "instances": [
        {
          "schema_version": 0,
          "attributes": {
            "architecture": "amd64",
            "checksum": null,
            "crn": "crn:v1:bluemix:public:is:us-south:::image:r006-e0039ab2-fcc8-11e9-8a36-6ffb6501dd33",
            "encryption": "none",
            "encryption_key": null,
            "id": "r006-e0039ab2-fcc8-11e9-8a36-6ffb6501dd33",
            "identifier": null,
            "name": "ibm-centos-7-6-minimal-amd64-1",
            "os": "centos-7-amd64",
            "source_volume": null,
            "status": "deprecated",
            "visibility": "public"
          }
        }
      ]
    },
    {
      "module": "module.bastion",
      "mode": "data",
      "type": "ibm_is_image",
      "name": "os",
      "provider": "provider.ibm",
      "instances": [
        {
          "schema_version": 0,
          "attributes": {
            "architecture": "amd64",
            "checksum": null,
            "crn": "crn:v1:bluemix:public:is:us-south:::image:r006-e0039ab2-fcc8-11e9-8a36-6ffb6501dd33",
            "encryption": "none",
            "encryption_key": null,
            "id": "r006-e0039ab2-fcc8-11e9-8a36-6ffb6501dd33",
            "identifier": null,
            "name": "ibm-centos-7-6-minimal-amd64-1",
            "os": "centos-7-amd64",
            "source_volume": null,
            "status": "deprecated",
            "visibility": "public"
          }
        }
      ]
    },
    {
      "mode": "data",
      "type": "ibm_is_ssh_key",
      "name": "sshkey",
      "provider": "provider.ibm",
      "instances": [
        {
          "schema_version": 0,
          "attributes": {
            "crn": "crn:v1:bluemix:public:is:us-south:a/1f7277194bb748cdb1d35fd8fb85a7cb::key:r006-24bf8aaa-d51e-4afa-947b-0e9d458f4b9d",
            "fingerprint": "SHA256:PtxQj6adolnBlwxrYJbLiciYXl1NuBOpmhbrwIFjFQc",
            "id": "r006-24bf8aaa-d51e-4afa-947b-0e9d458f4b9d",
            "length": 4096,
            "name": "testsshkey",
            "public_key": "ssh-rsa AAAAB3NzaC1yc2EAAAADAQABAAABgQC0++dLN30B2xGnr09YqT7+KUDDGv6Ppo8FSXMEYlyj3aPfNTRPxyks8I83+nxI6J2wBGaXO8J7pfrz1F7w3dpMFnhb1rbDuYMu1DNlwS//nxGVpdGaQ56mZowX7W+6HJSYdwSMtuBARMy7L54xUb+qPZvlqt0OSCfBzfisvlPShQ3uLvxpuC7hn2hw8JcMw3NjR0y8y1XnkOrboS4/WFQ5Sk2KklMJBb/7oXDQ9KVQek/B8lm8Hi2hOOJwYGP85MEdb2OPCMZkit+u+c+pz/x08z5EwXHbwWa/my1KlKV+9EPkqtpne6SKzlgabtJv97qV70f9Nz2aimpIuHMKeiJihidr3gQYz4+Z1h81+P5oUgHRwaDlQG+KPyccvjbg8veQ7IlZa3R1qAt2RBqqgj/VO3jgFulw/aduE3NEDP82QmdN1mJ+krKbMc7MsOPk3dNav1dwVv4BXnyCtXzNERl62GmD+NgIGEeRPyHMsdQF/aCwatwx94TP6jkmqtyL9kU= sakshi@Sakshis-MacBook-Pro.local",
            "resource_controller_url": "https://cloud.ibm.com/vpc/compute/sshKeys",
            "resource_crn": "crn:v1:bluemix:public:is:us-south:a/1f7277194bb748cdb1d35fd8fb85a7cb::key:r006-24bf8aaa-d51e-4afa-947b-0e9d458f4b9d",
            "resource_group": "de170ed931fd4629a13c98d6a4e7940c",
            "resource_group_name": "de170ed931fd4629a13c98d6a4e7940c",
            "resource_name": "testsshkey",
            "type": "rsa"
          }
        }
      ]
    },
    {
      "mode": "data",
      "type": "ibm_resource_group",
      "name": "all_rg",
      "provider": "provider.ibm",
      "instances": [
        {
          "schema_version": 0,
          "attributes": {
            "account_id": "1f7277194bb748cdb1d35fd8fb85a7cb",
            "created_at": "2021-10-28T06:24:26.625Z",
            "crn": "crn:v1:bluemix:public:resource-controller::a/1f7277194bb748cdb1d35fd8fb85a7cb::resource-group:de170ed931fd4629a13c98d6a4e7940c",
            "id": "de170ed931fd4629a13c98d6a4e7940c",
            "is_default": false,
            "name": "resource-graph",
            "payment_methods_url": "/v2/resource_groups/de170ed931fd4629a13c98d6a4e7940c/payment_methods",
            "quota_id": "a3d7b8d01e261c24677937c29ab33f3c",
            "quota_url": "/v2/quota_definitions/a3d7b8d01e261c24677937c29ab33f3c",
            "resource_linkages": [],
            "state": "ACTIVE",
            "teams_url": "/v2/resource_groups/de170ed931fd4629a13c98d6a4e7940c/teams",
            "updated_at": "2021-10-28T06:24:26.625Z"
          }
        }
      ]
    },
    {
      "module": "module.vpc",
      "mode": "data",
      "type": "ibm_resource_group",
      "name": "all_rg",
      "provider": "provider.ibm",
      "instances": [
        {
          "schema_version": 0,
          "attributes": {
            "account_id": "1f7277194bb748cdb1d35fd8fb85a7cb",
            "created_at": "2021-10-28T06:24:26.625Z",
            "crn": "crn:v1:bluemix:public:resource-controller::a/1f7277194bb748cdb1d35fd8fb85a7cb::resource-group:de170ed931fd4629a13c98d6a4e7940c",
            "id": "de170ed931fd4629a13c98d6a4e7940c",
            "is_default": false,
            "name": "resource-graph",
            "payment_methods_url": "/v2/resource_groups/de170ed931fd4629a13c98d6a4e7940c/payment_methods",
            "quota_id": "a3d7b8d01e261c24677937c29ab33f3c",
            "quota_url": "/v2/quota_definitions/a3d7b8d01e261c24677937c29ab33f3c",
            "resource_linkages": [],
            "state": "ACTIVE",
            "teams_url": "/v2/resource_groups/de170ed931fd4629a13c98d6a4e7940c/teams",
            "updated_at": "2021-10-28T06:24:26.625Z"
          }
        }
      ]
    },
    {
      "module": "module.frontend",
      "mode": "data",
      "type": "template_cloudinit_config",
      "name": "app_userdata",
      "provider": "provider.template",
      "instances": [
        {
          "schema_version": 0,
          "attributes": {
            "base64_encode": false,
            "gzip": false,
            "id": "3676816316",
            "part": [
              {
                "content": "#cloud-config\nmanage_etc_hosts: true\npackage_upgrade: false\npackages:\n- httpd\nruncmd:\n- 'cp /usr/share/httpd/noindex/index.html /var/www/html' \n- 'systemctl start httpd'\nfinal_message: \"The system is finally up, after $UPTIME seconds\"\n",
                "content_type": "",
                "filename": "",
                "merge_type": ""
              }
            ],
            "rendered": "Content-Type: multipart/mixed; boundary=\"MIMEBOUNDARY\"\nMIME-Version: 1.0\r\n\r\n--MIMEBOUNDARY\r\nContent-Transfer-Encoding: 7bit\r\nContent-Type: text/plain\r\nMime-Version: 1.0\r\n\r\n#cloud-config\nmanage_etc_hosts: true\npackage_upgrade: false\npackages:\n- httpd\nruncmd:\n- 'cp /usr/share/httpd/noindex/index.html /var/www/html' \n- 'systemctl start httpd'\nfinal_message: \"The system is finally up, after $UPTIME seconds\"\n\r\n--MIMEBOUNDARY--\r\n"
          }
        }
      ]
    },
    {
      "module": "module.backend",
      "mode": "data",
      "type": "template_cloudinit_config",
      "name": "app_userdata",
      "provider": "provider.template",
      "instances": [
        {
          "schema_version": 0,
          "attributes": {
            "base64_encode": false,
            "gzip": false,
            "id": "3676816316",
            "part": [
              {
                "content": "#cloud-config\nmanage_etc_hosts: true\npackage_upgrade: false\npackages:\n- httpd\nruncmd:\n- 'cp /usr/share/httpd/noindex/index.html /var/www/html' \n- 'systemctl start httpd'\nfinal_message: \"The system is finally up, after $UPTIME seconds\"\n",
                "content_type": "",
                "filename": "",
                "merge_type": ""
              }
            ],
            "rendered": "Content-Type: multipart/mixed; boundary=\"MIMEBOUNDARY\"\nMIME-Version: 1.0\r\n\r\n--MIMEBOUNDARY\r\nContent-Transfer-Encoding: 7bit\r\nContent-Type: text/plain\r\nMime-Version: 1.0\r\n\r\n#cloud-config\nmanage_etc_hosts: true\npackage_upgrade: false\npackages:\n- httpd\nruncmd:\n- 'cp /usr/share/httpd/noindex/index.html /var/www/html' \n- 'systemctl start httpd'\nfinal_message: \"The system is finally up, after $UPTIME seconds\"\n\r\n--MIMEBOUNDARY--\r\n"
          }
        }
      ]
    },
    {
      "module": "module.bastion",
      "mode": "managed",
      "type": "ibm_is_floating_ip",
      "name": "bastion",
      "each": "list",
      "provider": "provider.ibm",
      "instances": [
        {
          "index_key": 0,
          "schema_version": 0,
          "attributes": {
            "address": "52.116.129.247",
            "crn": "crn:v1:bluemix:public:is:us-south-1:a/1f7277194bb748cdb1d35fd8fb85a7cb::floating-ip:r006-e570855f-1222-47e3-b5ba-921da242d6e5",
            "id": "r006-e570855f-1222-47e3-b5ba-921da242d6e5",
            "name": "ssh-bastion-host1-float-bastion-ip-1",
            "resource_controller_url": "https://cloud.ibm.com/vpc-ext/network/floatingIPs",
            "resource_crn": "crn:v1:bluemix:public:is:us-south-1:a/1f7277194bb748cdb1d35fd8fb85a7cb::floating-ip:r006-e570855f-1222-47e3-b5ba-921da242d6e5",
            "resource_group": "de170ed931fd4629a13c98d6a4e7940c",
            "resource_group_name": "resource-graph",
            "resource_name": "ssh-bastion-host1-float-bastion-ip-1",
            "resource_status": "available",
            "status": "available",
            "tags": [],
            "target": "0717-e4e25d3e-27a4-4d5e-b182-1833101eb5f2",
            "timeouts": null,
            "zone": "us-south-1"
          },
          "private": "eyJlMmJmYjczMC1lY2FhLTExZTYtOGY4OC0zNDM2M2JjN2M0YzAiOnsiY3JlYXRlIjo2MDAwMDAwMDAwMDAsImRlbGV0ZSI6NjAwMDAwMDAwMDAwfX0=",
          "dependencies": [
            "module.bastion.ibm_is_instance.bastion"
          ]
        }
      ]
    },
    {
      "module": "module.backend",
      "mode": "managed",
      "type": "ibm_is_instance",
      "name": "backend-server",
      "each": "list",
      "provider": "provider.ibm",
      "instances": []
    },
    {
      "module": "module.bastion",
      "mode": "managed",
      "type": "ibm_is_instance",
      "name": "bastion",
      "each": "list",
      "provider": "provider.ibm",
      "instances": [
        {
          "index_key": 0,
          "schema_version": 0,
          "attributes": {
            "auto_delete_volume": null,
            "boot_volume": [
              {
                "encryption": "",
                "iops": 3000,
                "name": "aunt-fame-stallion-stainless",
                "profile": "general-purpose",
                "size": 100,
                "snapshot": ""
              }
            ],
            "crn": "crn:v1:bluemix:public:is:us-south-1:a/1f7277194bb748cdb1d35fd8fb85a7cb::instance:0717_f24a0f14-b2f5-4796-93ab-955eb7f930e3",
            "dedicated_host": null,
            "dedicated_host_group": null,
            "disks": [],
            "force_recovery_time": null,
            "gpu": [],
            "id": "0717_f24a0f14-b2f5-4796-93ab-955eb7f930e3",
            "image": "r006-e0039ab2-fcc8-11e9-8a36-6ffb6501dd33",
            "instance_template": null,
            "keys": [
              "r006-24bf8aaa-d51e-4afa-947b-0e9d458f4b9d"
            ],
            "memory": 4,
            "name": "ssh-bastion-host1-bastion-vsi-1",
            "network_interfaces": [],
            "placement_group": null,
            "placement_target": [],
            "primary_network_interface": [
              {
                "allow_ip_spoofing": false,
                "id": "0717-e4e25d3e-27a4-4d5e-b182-1833101eb5f2",
                "name": "pratfall-trapdoor-anatomist-splendor",
                "port_speed": 0,
                "primary_ipv4_address": "172.22.192.4",
                "security_groups": [
                  "r006-243163a4-159b-4ee4-86de-053ce0f056e4"
                ],
                "subnet": "0717-2380d2b4-1b55-48cc-ade0-7220b00c7d97"
              }
            ],
            "profile": "cx2-2x4",
            "resource_controller_url": "https://cloud.ibm.com/vpc-ext/compute/vs",
            "resource_crn": "crn:v1:bluemix:public:is:us-south-1:a/1f7277194bb748cdb1d35fd8fb85a7cb::instance:0717_f24a0f14-b2f5-4796-93ab-955eb7f930e3",
            "resource_group": "de170ed931fd4629a13c98d6a4e7940c",
            "resource_group_name": "resource-graph",
            "resource_name": "ssh-bastion-host1-bastion-vsi-1",
            "resource_status": "running",
            "status": "running",
            "status_reasons": [],
            "tags": [
              "schematics:bastion"
            ],
            "timeouts": {
              "create": "10m",
              "delete": "10m",
              "update": null
            },
            "user_data": "#cloud-config\n\n# Install security updates on Centos from IBM Cloud private mirror (no public access)\n# SSH max sessions optimised for Ansible usage\n# Minimal best practice SSH config    \n\nruncmd:\n  - yum --security update\n  - sed -i \"s/#MaxSessions 10/MaxSessions 50/\" /etc/ssh/sshd_config\n  - sed -i \"s/X11Forwarding yes/X11Forwarding no/\" /etc/ssh/sshd_config\n  - sed -i \"s/PermitRootLogin yes/PermitRootLogin prohibit-password/\" /etc/ssh/sshd_config\n  - sed -i \"s/#AllowAgentForwarding yes/AllowAgentForwarding no/\" /etc/ssh/sshd_config\n  - echo \"MaxStartups 50:30:80\"  \u003e\u003e /etc/ssh/sshd_config\n  - echo \"AllowStreamLocalForwarding no\"  \u003e\u003e /etc/ssh/sshd_config\n  - echo 'PasswordAuthentication no' \u003e\u003e /etc/ssh/sshd_config\n  - echo 'UsePAM yes' \u003e\u003e /etc/ssh/sshd_config\n  - echo 'AuthenticationMethods publickey' \u003e\u003e /etc/ssh/sshd_config\n  - service sshd restart",
            "vcpu": [
              {
                "architecture": "amd64",
                "count": 2
              }
            ],
            "volume_attachments": [
              {
                "id": "0717-b1400d3a-5977-4f78-b405-eff69f981fbf",
                "name": "multitude-dose-chalice-rural",
                "volume_crn": "crn:v1:bluemix:public:is:us-south-1:a/1f7277194bb748cdb1d35fd8fb85a7cb::volume:r006-ad0beeee-7c72-4807-8b21-24aa57df92e6",
                "volume_id": "r006-ad0beeee-7c72-4807-8b21-24aa57df92e6",
                "volume_name": "aunt-fame-stallion-stainless"
              }
            ],
            "volumes": null,
            "vpc": "r006-fd327bff-c7f3-42c9-85b4-a62f892f5d98",
            "wait_before_delete": true,
            "zone": "us-south-1"
          },
          "private": "eyJlMmJmYjczMC1lY2FhLTExZTYtOGY4OC0zNDM2M2JjN2M0YzAiOnsiY3JlYXRlIjo2MDAwMDAwMDAwMDAsImRlbGV0ZSI6NjAwMDAwMDAwMDAwLCJ1cGRhdGUiOjE4MDAwMDAwMDAwMDB9fQ==",
          "dependencies": [
            "module.bastion.ibm_is_network_acl.bastion_acl",
            "module.bastion.ibm_is_security_group.bastion",
            "module.bastion.ibm_is_subnet.bastion_subnet",
            "module.bastion.ibm_is_vpc_address_prefix.bast_subnet_prefix",
            "module.bastion.random_string.uuid",
            "module.vpc.ibm_is_vpc.vpc"
          ]
        }
      ]
    },
    {
      "module": "module.frontend",
      "mode": "managed",
      "type": "ibm_is_instance",
      "name": "frontend-server",
      "each": "list",
      "provider": "provider.ibm",
      "instances": []
    },
    {
      "module": "module.frontend",
      "mode": "managed",
      "type": "ibm_is_lb",
      "name": "webapptier-lb",
      "provider": "provider.ibm",
      "instances": []
    },
    {
      "module": "module.frontend",
      "mode": "managed",
      "type": "ibm_is_lb_listener",
      "name": "webapptier-lb-listener",
      "provider": "provider.ibm",
      "instances": []
    },
    {
      "module": "module.frontend",
      "mode": "managed",
      "type": "ibm_is_lb_pool",
      "name": "webapptier-lb-pool",
      "provider": "provider.ibm",
      "instances": []
    },
    {
      "module": "module.frontend",
      "mode": "managed",
      "type": "ibm_is_lb_pool_member",
      "name": "webapptier-lb-pool-member-zone1",
      "each": "list",
      "provider": "provider.ibm",
      "instances": []
    },
    {
      "module": "module.bastion",
      "mode": "managed",
      "type": "ibm_is_network_acl",
      "name": "bastion_acl",
      "provider": "provider.ibm",
      "instances": [
        {
          "schema_version": 0,
          "attributes": {
            "crn": "crn:v1:bluemix:public:is:us-south:a/1f7277194bb748cdb1d35fd8fb85a7cb::network-acl:r006-992d72be-b728-4b16-8562-1e9f117066b1",
            "id": "r006-992d72be-b728-4b16-8562-1e9f117066b1",
            "name": "ssh-bastion-host1-bastion-acl",
            "resource_controller_url": "https://cloud.ibm.com/vpc-ext/network/acl",
            "resource_crn": null,
            "resource_group": "de170ed931fd4629a13c98d6a4e7940c",
            "resource_group_name": "resource-graph",
            "resource_name": "ssh-bastion-host1-bastion-acl",
            "rules": [
              {
                "action": "allow",
                "destination": "0.0.0.0/0",
                "direction": "inbound",
                "icmp": [],
                "id": "730eefd2-31c7-48bf-8e9f-3f63867adead",
                "ip_version": "ipv4",
                "name": "inbound-tcp-vsmeylsy",
                "source": "172.16.0.0/20",
                "subnets": 1,
                "tcp": [
                  {
                    "port_max": 65535,
                    "port_min": 1024,
                    "source_port_max": 22,
                    "source_port_min": 22
                  }
                ],
                "udp": []
              },
              {
                "action": "allow",
                "destination": "0.0.0.0/0",
                "direction": "inbound",
                "icmp": [],
                "id": "08210392-7d9e-47f0-ad5f-0a4322f21b54",
                "ip_version": "ipv4",
                "name": "inbound-tcp-ijafqtms",
                "source": "172.17.0.0/20",
                "subnets": 1,
                "tcp": [
                  {
                    "port_max": 65535,
                    "port_min": 1024,
                    "source_port_max": 22,
                    "source_port_min": 22
                  }
                ],
                "udp": []
              },
              {
                "action": "allow",
                "destination": "172.16.0.0/20",
                "direction": "outbound",
                "icmp": [],
                "id": "665a4aa0-6bb6-4ea5-b4c7-dac92bb7ff54",
                "ip_version": "ipv4",
                "name": "outbound-tcp-votdmaub",
                "source": "0.0.0.0/0",
                "subnets": 1,
                "tcp": [
                  {
                    "port_max": 22,
                    "port_min": 22,
                    "source_port_max": 65535,
                    "source_port_min": 1024
                  }
                ],
                "udp": []
              },
              {
                "action": "allow",
                "destination": "172.17.0.0/20",
                "direction": "outbound",
                "icmp": [],
                "id": "5b8ed87a-781a-4c07-86d2-826221737d2e",
                "ip_version": "ipv4",
                "name": "outbound-tcp-apnwpgcq",
                "source": "0.0.0.0/0",
                "subnets": 1,
                "tcp": [
                  {
                    "port_max": 22,
                    "port_min": 22,
                    "source_port_max": 65535,
                    "source_port_min": 1024
                  }
                ],
                "udp": []
              },
              {
                "action": "allow",
                "destination": "0.0.0.0/0",
                "direction": "inbound",
                "icmp": [],
                "id": "cfe2ee56-179a-48ee-82e2-ae26f53654fa",
                "ip_version": "ipv4",
                "name": "inbound-tcp-aixlwafa",
                "source": "0.0.0.0/0",
                "subnets": 1,
                "tcp": [
                  {
                    "port_max": 22,
                    "port_min": 22,
                    "source_port_max": 65535,
                    "source_port_min": 1024
                  }
                ],
                "udp": []
              },
              {
                "action": "allow",
                "destination": "0.0.0.0/0",
                "direction": "outbound",
                "icmp": [],
                "id": "a4472c85-16de-49c5-99d8-07bfc068ed59",
                "ip_version": "ipv4",
                "name": "outbound-tcp-hpfqxtim",
                "source": "0.0.0.0/0",
                "subnets": 1,
                "tcp": [
                  {
                    "port_max": 65535,
                    "port_min": 1024,
                    "source_port_max": 22,
                    "source_port_min": 22
                  }
                ],
                "udp": []
              },
              {
                "action": "allow",
                "destination": "0.0.0.0/0",
                "direction": "inbound",
                "icmp": [],
                "id": "3d8bda33-be83-43a1-accb-a89863b5979c",
                "ip_version": "ipv4",
                "name": "inbound-tcp-srhjopoi",
                "source": "161.26.0.0/16",
                "subnets": 1,
                "tcp": [
                  {
                    "port_max": 65535,
                    "port_min": 1024,
                    "source_port_max": 80,
                    "source_port_min": 80
                  }
                ],
                "udp": []
              },
              {
                "action": "allow",
                "destination": "0.0.0.0/0",
                "direction": "inbound",
                "icmp": [],
                "id": "c537d4c9-8d40-45cc-9ae7-0444f1db496a",
                "ip_version": "ipv4",
                "name": "inbound-udp-pimprlbw",
                "source": "161.26.0.0/16",
                "subnets": 1,
                "tcp": [],
                "udp": [
                  {
                    "port_max": 65535,
                    "port_min": 1024,
                    "source_port_max": 53,
                    "source_port_min": 53
                  }
                ]
              },
              {
                "action": "allow",
                "destination": "161.26.0.0/16",
                "direction": "outbound",
                "icmp": [],
                "id": "26ae403f-a049-4f31-88d7-05a1854460e3",
                "ip_version": "ipv4",
                "name": "outbound-tcp-wqboywnp",
                "source": "0.0.0.0/0",
                "subnets": 1,
                "tcp": [
                  {
                    "port_max": 80,
                    "port_min": 80,
                    "source_port_max": 65535,
                    "source_port_min": 1024
                  }
                ],
                "udp": []
              },
              {
                "action": "allow",
                "destination": "161.26.0.0/16",
                "direction": "outbound",
                "icmp": [],
                "id": "8cf6d4c3-456e-408e-8541-1b8b05425654",
                "ip_version": "ipv4",
                "name": "outbound-udp-qpyyybeo",
                "source": "0.0.0.0/0",
                "subnets": 1,
                "tcp": [],
                "udp": [
                  {
                    "port_max": 53,
                    "port_min": 53,
                    "source_port_max": 65535,
                    "source_port_min": 1024
                  }
                ]
              },
              {
                "action": "deny",
                "destination": "0.0.0.0/0",
                "direction": "inbound",
                "icmp": [],
                "id": "c9dbcc1d-723d-4d4c-9514-0268bb61da33",
                "ip_version": "ipv4",
                "name": "inbound-all-vbbogyih",
                "source": "0.0.0.0/0",
                "subnets": 1,
                "tcp": [],
                "udp": []
              },
              {
                "action": "deny",
                "destination": "0.0.0.0/0",
                "direction": "outbound",
                "icmp": [],
                "id": "b89ba627-d14f-42eb-835d-bb56fc919557",
                "ip_version": "ipv4",
                "name": "outbound-all-ffdontlg",
                "source": "0.0.0.0/0",
                "subnets": 1,
                "tcp": [],
                "udp": []
              }
            ],
            "tags": [],
            "timeouts": null,
            "vpc": "r006-fd327bff-c7f3-42c9-85b4-a62f892f5d98"
          },
          "private": "eyJlMmJmYjczMC1lY2FhLTExZTYtOGY4OC0zNDM2M2JjN2M0YzAiOnsiY3JlYXRlIjo2MDAwMDAwMDAwMDAsImRlbGV0ZSI6NjAwMDAwMDAwMDAwfX0=",
          "dependencies": [
            "module.bastion.random_string.uuid",
            "module.vpc.ibm_is_vpc.vpc"
          ]
        }
      ]
    },
    {
      "module": "module.vpc",
      "mode": "managed",
      "type": "ibm_is_public_gateway",
      "name": "repo_gateway",
      "each": "list",
      "provider": "provider.ibm",
      "instances": [
        {
          "index_key": 0,
          "schema_version": 0,
          "attributes": {
            "crn": "crn:v1:bluemix:public:is:us-south-1:a/1f7277194bb748cdb1d35fd8fb85a7cb::public-gateway:r006-91c42826-798f-476f-8184-3d26bad5061b",
            "floating_ip": {
              "address": "52.118.188.30",
              "id": "r006-a46c9a70-0876-44ea-9caa-0f557183b2b4"
            },
            "id": "r006-91c42826-798f-476f-8184-3d26bad5061b",
            "name": "ssh-bastion-host1-public-gtw-0",
            "resource_controller_url": "https://cloud.ibm.com/vpc-ext/network/publicGateways",
            "resource_crn": "crn:v1:bluemix:public:is:us-south-1:a/1f7277194bb748cdb1d35fd8fb85a7cb::public-gateway:r006-91c42826-798f-476f-8184-3d26bad5061b",
            "resource_group": "de170ed931fd4629a13c98d6a4e7940c",
            "resource_group_name": "resource-graph",
            "resource_name": "ssh-bastion-host1-public-gtw-0",
            "resource_status": "available",
            "status": "available",
            "tags": [],
            "timeouts": {
              "create": "90m",
              "delete": null
            },
            "vpc": "r006-fd327bff-c7f3-42c9-85b4-a62f892f5d98",
            "zone": "us-south-1"
          },
          "private": "eyJlMmJmYjczMC1lY2FhLTExZTYtOGY4OC0zNDM2M2JjN2M0YzAiOnsiY3JlYXRlIjo1NDAwMDAwMDAwMDAwLCJkZWxldGUiOjYwMDAwMDAwMDAwMH19",
          "dependencies": [
            "module.vpc.ibm_is_vpc.vpc"
          ]
        },
        {
          "index_key": 1,
          "schema_version": 0,
          "attributes": {
            "crn": "crn:v1:bluemix:public:is:us-south-2:a/1f7277194bb748cdb1d35fd8fb85a7cb::public-gateway:r006-fc5d1acb-60ef-4d78-9515-384c09559b77",
            "floating_ip": {
              "address": "169.47.93.46",
              "id": "r006-01955469-b705-4fb9-98f2-f0eb6ff20e24"
            },
            "id": "r006-fc5d1acb-60ef-4d78-9515-384c09559b77",
            "name": "ssh-bastion-host1-public-gtw-1",
            "resource_controller_url": "https://cloud.ibm.com/vpc-ext/network/publicGateways",
            "resource_crn": "crn:v1:bluemix:public:is:us-south-2:a/1f7277194bb748cdb1d35fd8fb85a7cb::public-gateway:r006-fc5d1acb-60ef-4d78-9515-384c09559b77",
            "resource_group": "de170ed931fd4629a13c98d6a4e7940c",
            "resource_group_name": "resource-graph",
            "resource_name": "ssh-bastion-host1-public-gtw-1",
            "resource_status": "available",
            "status": "available",
            "tags": [],
            "timeouts": {
              "create": "90m",
              "delete": null
            },
            "vpc": "r006-fd327bff-c7f3-42c9-85b4-a62f892f5d98",
            "zone": "us-south-2"
          },
          "private": "eyJlMmJmYjczMC1lY2FhLTExZTYtOGY4OC0zNDM2M2JjN2M0YzAiOnsiY3JlYXRlIjo1NDAwMDAwMDAwMDAwLCJkZWxldGUiOjYwMDAwMDAwMDAwMH19",
          "dependencies": [
            "module.vpc.ibm_is_vpc.vpc"
          ]
        }
      ]
    },
    {
      "module": "module.backend",
      "mode": "managed",
      "type": "ibm_is_security_group",
      "name": "backend",
      "provider": "provider.ibm",
      "instances": [
        {
          "schema_version": 0,
          "attributes": {
            "crn": "crn:v1:bluemix:public:is:us-south:a/1f7277194bb748cdb1d35fd8fb85a7cb::security-group:r006-2c76d15b-7987-442b-811d-247bf43c3c24",
            "id": "r006-2c76d15b-7987-442b-811d-247bf43c3c24",
            "name": "ssh-bastion-host1-backend-sg",
            "resource_controller_url": "https://cloud.ibm.com/vpc-ext/network/securityGroups",
            "resource_crn": "crn:v1:bluemix:public:is:us-south:a/1f7277194bb748cdb1d35fd8fb85a7cb::security-group:r006-2c76d15b-7987-442b-811d-247bf43c3c24",
            "resource_group": "de170ed931fd4629a13c98d6a4e7940c",
            "resource_group_name": "resource-graph",
            "resource_name": "ssh-bastion-host1-backend-sg",
            "rules": [
              {
                "code": 0,
                "direction": "outbound",
                "ip_version": "ipv4",
                "port_max": 443,
                "port_min": 443,
                "protocol": "tcp",
                "remote": "0.0.0.0/0",
                "type": 0
              },
              {
                "code": 0,
                "direction": "outbound",
                "ip_version": "ipv4",
                "port_max": 443,
                "port_min": 443,
                "protocol": "tcp",
                "remote": "161.26.0.0/24",
                "type": 0
              },
              {
                "code": 0,
                "direction": "outbound",
                "ip_version": "ipv4",
                "port_max": 80,
                "port_min": 80,
                "protocol": "tcp",
                "remote": "161.26.0.0/24",
                "type": 0
              },
              {
                "code": 0,
                "direction": "inbound",
                "ip_version": "ipv4",
                "port_max": 80,
                "port_min": 80,
                "protocol": "tcp",
                "remote": "0.0.0.0/0",
                "type": 0
              },
              {
                "code": 0,
                "direction": "inbound",
                "ip_version": "ipv4",
                "port_max": 27017,
                "port_min": 27017,
                "protocol": "tcp",
                "remote": "r006-3b84b9d0-7ac3-4737-b246-0c292cfbe98f",
                "type": 0
              },
              {
                "code": 0,
                "direction": "outbound",
                "ip_version": "ipv4",
                "port_max": 53,
                "port_min": 53,
                "protocol": "udp",
                "remote": "161.26.0.0/24",
                "type": 0
              },
              {
                "code": 0,
                "direction": "inbound",
                "ip_version": "ipv4",
                "port_max": 22,
                "port_min": 22,
                "protocol": "tcp",
                "remote": "r006-243163a4-159b-4ee4-86de-053ce0f056e4",
                "type": 0
              }
            ],
            "tags": [],
            "vpc": "r006-fd327bff-c7f3-42c9-85b4-a62f892f5d98"
          },
          "private": "bnVsbA==",
          "dependencies": [
            "module.vpc.ibm_is_vpc.vpc"
          ]
        }
      ]
    },
    {
      "module": "module.bastion",
      "mode": "managed",
      "type": "ibm_is_security_group",
      "name": "bastion",
      "provider": "provider.ibm",
      "instances": [
        {
          "schema_version": 0,
          "attributes": {
            "crn": "crn:v1:bluemix:public:is:us-south:a/1f7277194bb748cdb1d35fd8fb85a7cb::security-group:r006-243163a4-159b-4ee4-86de-053ce0f056e4",
            "id": "r006-243163a4-159b-4ee4-86de-053ce0f056e4",
            "name": "ssh-bastion-host1-bastion-sg",
            "resource_controller_url": "https://cloud.ibm.com/vpc-ext/network/securityGroups",
            "resource_crn": "crn:v1:bluemix:public:is:us-south:a/1f7277194bb748cdb1d35fd8fb85a7cb::security-group:r006-243163a4-159b-4ee4-86de-053ce0f056e4",
            "resource_group": "de170ed931fd4629a13c98d6a4e7940c",
            "resource_group_name": "resource-graph",
            "resource_name": "ssh-bastion-host1-bastion-sg",
            "rules": [
              {
                "code": 0,
                "direction": "outbound",
                "ip_version": "ipv4",
                "port_max": 80,
                "port_min": 80,
                "protocol": "tcp",
                "remote": "161.26.0.0/16",
                "type": 0
              },
              {
                "code": 0,
                "direction": "inbound",
                "ip_version": "ipv4",
                "port_max": 22,
                "port_min": 22,
                "protocol": "tcp",
                "remote": "0.0.0.0/0",
                "type": 0
              },
              {
                "code": 0,
                "direction": "outbound",
                "ip_version": "ipv4",
                "port_max": 443,
                "port_min": 443,
                "protocol": "tcp",
                "remote": "161.26.0.0/16",
                "type": 0
              },
              {
                "code": 0,
                "direction": "outbound",
                "ip_version": "ipv4",
                "port_max": 53,
                "port_min": 53,
                "protocol": "udp",
                "remote": "161.26.0.0/16",
                "type": 0
              },
              {
                "code": 0,
                "direction": "outbound",
                "ip_version": "ipv4",
                "port_max": 22,
                "port_min": 22,
                "protocol": "tcp",
                "remote": "r006-3b84b9d0-7ac3-4737-b246-0c292cfbe98f",
                "type": 0
              },
              {
                "code": 0,
                "direction": "outbound",
                "ip_version": "ipv4",
                "port_max": 22,
                "port_min": 22,
                "protocol": "tcp",
                "remote": "r006-2c76d15b-7987-442b-811d-247bf43c3c24",
                "type": 0
              }
            ],
            "tags": [],
            "vpc": "r006-fd327bff-c7f3-42c9-85b4-a62f892f5d98"
          },
          "private": "bnVsbA==",
          "dependencies": [
            "module.vpc.ibm_is_vpc.vpc"
          ]
        }
      ]
    },
    {
      "module": "module.frontend",
      "mode": "managed",
      "type": "ibm_is_security_group",
      "name": "frontend",
      "provider": "provider.ibm",
      "instances": [
        {
          "schema_version": 0,
          "attributes": {
            "crn": "crn:v1:bluemix:public:is:us-south:a/1f7277194bb748cdb1d35fd8fb85a7cb::security-group:r006-3b84b9d0-7ac3-4737-b246-0c292cfbe98f",
            "id": "r006-3b84b9d0-7ac3-4737-b246-0c292cfbe98f",
            "name": "ssh-bastion-host1-frontend-sg",
            "resource_controller_url": "https://cloud.ibm.com/vpc-ext/network/securityGroups",
            "resource_crn": "crn:v1:bluemix:public:is:us-south:a/1f7277194bb748cdb1d35fd8fb85a7cb::security-group:r006-3b84b9d0-7ac3-4737-b246-0c292cfbe98f",
            "resource_group": "de170ed931fd4629a13c98d6a4e7940c",
            "resource_group_name": "resource-graph",
            "resource_name": "ssh-bastion-host1-frontend-sg",
            "rules": [
              {
                "code": 0,
                "direction": "outbound",
                "ip_version": "ipv4",
                "port_max": 80,
                "port_min": 80,
                "protocol": "tcp",
                "remote": "0.0.0.0/0",
                "type": 0
              },
              {
                "code": 0,
                "direction": "inbound",
                "ip_version": "ipv4",
                "port_max": 22,
                "port_min": 22,
                "protocol": "tcp",
                "remote": "r006-243163a4-159b-4ee4-86de-053ce0f056e4",
                "type": 0
              },
              {
                "code": 0,
                "direction": "outbound",
                "ip_version": "ipv4",
                "port_max": 53,
                "port_min": 53,
                "protocol": "udp",
                "remote": "161.26.0.0/24",
                "type": 0
              },
              {
                "code": 0,
                "direction": "outbound",
                "ip_version": "ipv4",
                "port_max": 443,
                "port_min": 443,
                "protocol": "tcp",
                "remote": "161.26.0.0/24",
                "type": 0
              },
              {
                "code": 0,
                "direction": "outbound",
                "ip_version": "ipv4",
                "port_max": 27017,
                "port_min": 27017,
                "protocol": "tcp",
                "remote": "r006-2c76d15b-7987-442b-811d-247bf43c3c24",
                "type": 0
              },
              {
                "code": 0,
                "direction": "outbound",
                "ip_version": "ipv4",
                "port_max": 443,
                "port_min": 443,
                "protocol": "tcp",
                "remote": "0.0.0.0/0",
                "type": 0
              },
              {
                "code": 0,
                "direction": "inbound",
                "ip_version": "ipv4",
                "port_max": 8080,
                "port_min": 8080,
                "protocol": "tcp",
                "remote": "0.0.0.0/0",
                "type": 0
              },
              {
                "code": 0,
                "direction": "outbound",
                "ip_version": "ipv4",
                "port_max": 80,
                "port_min": 80,
                "protocol": "tcp",
                "remote": "161.26.0.0/24",
                "type": 0
              }
            ],
            "tags": [],
            "vpc": "r006-fd327bff-c7f3-42c9-85b4-a62f892f5d98"
          },
          "private": "bnVsbA==",
          "dependencies": [
            "module.vpc.ibm_is_vpc.vpc"
          ]
        }
      ]
    },
    {
      "module": "module.backend",
      "mode": "managed",
      "type": "ibm_is_security_group_rule",
      "name": "backend_access",
      "each": "list",
      "provider": "provider.ibm",
      "instances": [
        {
          "index_key": 0,
          "schema_version": 0,
          "attributes": {
            "direction": "inbound",
            "group": "r006-2c76d15b-7987-442b-811d-247bf43c3c24",
            "icmp": [],
            "id": "r006-2c76d15b-7987-442b-811d-247bf43c3c24.r006-50127abd-a900-48cb-acff-0f070411b652",
            "ip_version": "ipv4",
            "protocol": "tcp",
            "related_crn": "crn:v1:bluemix:public:is:us-south:a/1f7277194bb748cdb1d35fd8fb85a7cb::security-group:r006-2c76d15b-7987-442b-811d-247bf43c3c24",
            "remote": "r006-243163a4-159b-4ee4-86de-053ce0f056e4",
            "rule_id": "r006-50127abd-a900-48cb-acff-0f070411b652",
            "tcp": [
              {
                "port_max": 22,
                "port_min": 22
              }
            ],
            "udp": []
          },
          "private": "bnVsbA==",
          "dependencies": [
            "module.backend.ibm_is_security_group.backend",
            "module.bastion.ibm_is_security_group.bastion",
            "module.frontend.ibm_is_security_group.frontend",
            "module.vpc.ibm_is_vpc.vpc"
          ]
        },
        {
          "index_key": 1,
          "schema_version": 0,
          "attributes": {
            "direction": "inbound",
            "group": "r006-2c76d15b-7987-442b-811d-247bf43c3c24",
            "icmp": [],
            "id": "r006-2c76d15b-7987-442b-811d-247bf43c3c24.r006-4601ecfb-817e-41f5-b58c-97658427a524",
            "ip_version": "ipv4",
            "protocol": "tcp",
            "related_crn": "crn:v1:bluemix:public:is:us-south:a/1f7277194bb748cdb1d35fd8fb85a7cb::security-group:r006-2c76d15b-7987-442b-811d-247bf43c3c24",
            "remote": "r006-3b84b9d0-7ac3-4737-b246-0c292cfbe98f",
            "rule_id": "r006-4601ecfb-817e-41f5-b58c-97658427a524",
            "tcp": [
              {
                "port_max": 27017,
                "port_min": 27017
              }
            ],
            "udp": []
          },
          "private": "bnVsbA==",
          "dependencies": [
            "module.backend.ibm_is_security_group.backend",
            "module.bastion.ibm_is_security_group.bastion",
            "module.frontend.ibm_is_security_group.frontend",
            "module.vpc.ibm_is_vpc.vpc"
          ]
        },
        {
          "index_key": 2,
          "schema_version": 0,
          "attributes": {
            "direction": "outbound",
            "group": "r006-2c76d15b-7987-442b-811d-247bf43c3c24",
            "icmp": [],
            "id": "r006-2c76d15b-7987-442b-811d-247bf43c3c24.r006-03fc47b3-928e-4a96-9c33-49d0abd339f3",
            "ip_version": "ipv4",
            "protocol": "tcp",
            "related_crn": "crn:v1:bluemix:public:is:us-south:a/1f7277194bb748cdb1d35fd8fb85a7cb::security-group:r006-2c76d15b-7987-442b-811d-247bf43c3c24",
            "remote": "161.26.0.0/24",
            "rule_id": "r006-03fc47b3-928e-4a96-9c33-49d0abd339f3",
            "tcp": [
              {
                "port_max": 443,
                "port_min": 443
              }
            ],
            "udp": []
          },
          "private": "bnVsbA==",
          "dependencies": [
            "module.backend.ibm_is_security_group.backend",
            "module.bastion.ibm_is_security_group.bastion",
            "module.frontend.ibm_is_security_group.frontend",
            "module.vpc.ibm_is_vpc.vpc"
          ]
        },
        {
          "index_key": 3,
          "schema_version": 0,
          "attributes": {
            "direction": "outbound",
            "group": "r006-2c76d15b-7987-442b-811d-247bf43c3c24",
            "icmp": [],
            "id": "r006-2c76d15b-7987-442b-811d-247bf43c3c24.r006-3250104b-2a7b-459d-b5b4-3bdc525426a0",
            "ip_version": "ipv4",
            "protocol": "tcp",
            "related_crn": "crn:v1:bluemix:public:is:us-south:a/1f7277194bb748cdb1d35fd8fb85a7cb::security-group:r006-2c76d15b-7987-442b-811d-247bf43c3c24",
            "remote": "161.26.0.0/24",
            "rule_id": "r006-3250104b-2a7b-459d-b5b4-3bdc525426a0",
            "tcp": [
              {
                "port_max": 80,
                "port_min": 80
              }
            ],
            "udp": []
          },
          "private": "bnVsbA==",
          "dependencies": [
            "module.backend.ibm_is_security_group.backend",
            "module.bastion.ibm_is_security_group.bastion",
            "module.frontend.ibm_is_security_group.frontend",
            "module.vpc.ibm_is_vpc.vpc"
          ]
        },
        {
          "index_key": 4,
          "schema_version": 0,
          "attributes": {
            "direction": "outbound",
            "group": "r006-2c76d15b-7987-442b-811d-247bf43c3c24",
            "icmp": [],
            "id": "r006-2c76d15b-7987-442b-811d-247bf43c3c24.r006-a527e6d2-c26e-4ae3-8dcc-1a3d99fe9cdd",
            "ip_version": "ipv4",
            "protocol": "udp",
            "related_crn": "crn:v1:bluemix:public:is:us-south:a/1f7277194bb748cdb1d35fd8fb85a7cb::security-group:r006-2c76d15b-7987-442b-811d-247bf43c3c24",
            "remote": "161.26.0.0/24",
            "rule_id": "r006-a527e6d2-c26e-4ae3-8dcc-1a3d99fe9cdd",
            "tcp": [],
            "udp": [
              {
                "port_max": 53,
                "port_min": 53
              }
            ]
          },
          "private": "bnVsbA==",
          "dependencies": [
            "module.backend.ibm_is_security_group.backend",
            "module.bastion.ibm_is_security_group.bastion",
            "module.frontend.ibm_is_security_group.frontend",
            "module.vpc.ibm_is_vpc.vpc"
          ]
        },
        {
          "index_key": 5,
          "schema_version": 0,
          "attributes": {
            "direction": "outbound",
            "group": "r006-2c76d15b-7987-442b-811d-247bf43c3c24",
            "icmp": [],
            "id": "r006-2c76d15b-7987-442b-811d-247bf43c3c24.r006-b1f9bc72-7cdb-47c0-b6fb-3e021f2d78f1",
            "ip_version": "ipv4",
            "protocol": "tcp",
            "related_crn": "crn:v1:bluemix:public:is:us-south:a/1f7277194bb748cdb1d35fd8fb85a7cb::security-group:r006-2c76d15b-7987-442b-811d-247bf43c3c24",
            "remote": "0.0.0.0/0",
            "rule_id": "r006-b1f9bc72-7cdb-47c0-b6fb-3e021f2d78f1",
            "tcp": [
              {
                "port_max": 443,
                "port_min": 443
              }
            ],
            "udp": []
          },
          "private": "bnVsbA==",
          "dependencies": [
            "module.backend.ibm_is_security_group.backend",
            "module.bastion.ibm_is_security_group.bastion",
            "module.frontend.ibm_is_security_group.frontend",
            "module.vpc.ibm_is_vpc.vpc"
          ]
        },
        {
          "index_key": 6,
          "schema_version": 0,
          "attributes": {
            "direction": "inbound",
            "group": "r006-2c76d15b-7987-442b-811d-247bf43c3c24",
            "icmp": [],
            "id": "r006-2c76d15b-7987-442b-811d-247bf43c3c24.r006-db1b1a01-6216-4544-96b5-ad273452d933",
            "ip_version": "ipv4",
            "protocol": "tcp",
            "related_crn": "crn:v1:bluemix:public:is:us-south:a/1f7277194bb748cdb1d35fd8fb85a7cb::security-group:r006-2c76d15b-7987-442b-811d-247bf43c3c24",
            "remote": "0.0.0.0/0",
            "rule_id": "r006-db1b1a01-6216-4544-96b5-ad273452d933",
            "tcp": [
              {
                "port_max": 80,
                "port_min": 80
              }
            ],
            "udp": []
          },
          "private": "bnVsbA==",
          "dependencies": [
            "module.backend.ibm_is_security_group.backend",
            "module.bastion.ibm_is_security_group.bastion",
            "module.frontend.ibm_is_security_group.frontend",
            "module.vpc.ibm_is_vpc.vpc"
          ]
        }
      ]
    },
    {
      "module": "module.bastion",
      "mode": "managed",
      "type": "ibm_is_security_group_rule",
      "name": "bastion_access",
      "each": "list",
      "provider": "provider.ibm",
      "instances": [
        {
          "index_key": 0,
          "schema_version": 0,
          "attributes": {
            "direction": "inbound",
            "group": "r006-243163a4-159b-4ee4-86de-053ce0f056e4",
            "icmp": [],
            "id": "r006-243163a4-159b-4ee4-86de-053ce0f056e4.r006-bbc2b0c8-3ba6-456e-8b57-511b22ca57ec",
            "ip_version": "ipv4",
            "protocol": "tcp",
            "related_crn": "crn:v1:bluemix:public:is:us-south:a/1f7277194bb748cdb1d35fd8fb85a7cb::security-group:r006-243163a4-159b-4ee4-86de-053ce0f056e4",
            "remote": "0.0.0.0/0",
            "rule_id": "r006-bbc2b0c8-3ba6-456e-8b57-511b22ca57ec",
            "tcp": [
              {
                "port_max": 22,
                "port_min": 22
              }
            ],
            "udp": []
          },
          "private": "bnVsbA==",
          "dependencies": [
            "module.backend.ibm_is_security_group.backend",
            "module.bastion.ibm_is_security_group.bastion",
            "module.frontend.ibm_is_security_group.frontend",
            "module.vpc.ibm_is_vpc.vpc"
          ]
        },
        {
          "index_key": 1,
          "schema_version": 0,
          "attributes": {
            "direction": "outbound",
            "group": "r006-243163a4-159b-4ee4-86de-053ce0f056e4",
            "icmp": [],
            "id": "r006-243163a4-159b-4ee4-86de-053ce0f056e4.r006-9013404e-9191-4a4c-a107-d9a9a74ab929",
            "ip_version": "ipv4",
            "protocol": "tcp",
            "related_crn": "crn:v1:bluemix:public:is:us-south:a/1f7277194bb748cdb1d35fd8fb85a7cb::security-group:r006-243163a4-159b-4ee4-86de-053ce0f056e4",
            "remote": "r006-3b84b9d0-7ac3-4737-b246-0c292cfbe98f",
            "rule_id": "r006-9013404e-9191-4a4c-a107-d9a9a74ab929",
            "tcp": [
              {
                "port_max": 22,
                "port_min": 22
              }
            ],
            "udp": []
          },
          "private": "bnVsbA==",
          "dependencies": [
            "module.backend.ibm_is_security_group.backend",
            "module.bastion.ibm_is_security_group.bastion",
            "module.frontend.ibm_is_security_group.frontend",
            "module.vpc.ibm_is_vpc.vpc"
          ]
        },
        {
          "index_key": 2,
          "schema_version": 0,
          "attributes": {
            "direction": "outbound",
            "group": "r006-243163a4-159b-4ee4-86de-053ce0f056e4",
            "icmp": [],
            "id": "r006-243163a4-159b-4ee4-86de-053ce0f056e4.r006-a8f5c73a-2c17-4b2a-aa80-55e5ade40d99",
            "ip_version": "ipv4",
            "protocol": "tcp",
            "related_crn": "crn:v1:bluemix:public:is:us-south:a/1f7277194bb748cdb1d35fd8fb85a7cb::security-group:r006-243163a4-159b-4ee4-86de-053ce0f056e4",
            "remote": "r006-2c76d15b-7987-442b-811d-247bf43c3c24",
            "rule_id": "r006-a8f5c73a-2c17-4b2a-aa80-55e5ade40d99",
            "tcp": [
              {
                "port_max": 22,
                "port_min": 22
              }
            ],
            "udp": []
          },
          "private": "bnVsbA==",
          "dependencies": [
            "module.backend.ibm_is_security_group.backend",
            "module.bastion.ibm_is_security_group.bastion",
            "module.frontend.ibm_is_security_group.frontend",
            "module.vpc.ibm_is_vpc.vpc"
          ]
        },
        {
          "index_key": 3,
          "schema_version": 0,
          "attributes": {
            "direction": "outbound",
            "group": "r006-243163a4-159b-4ee4-86de-053ce0f056e4",
            "icmp": [],
            "id": "r006-243163a4-159b-4ee4-86de-053ce0f056e4.r006-0c91961d-b386-4fcf-9fc5-4ccd80fa4d31",
            "ip_version": "ipv4",
            "protocol": "udp",
            "related_crn": "crn:v1:bluemix:public:is:us-south:a/1f7277194bb748cdb1d35fd8fb85a7cb::security-group:r006-243163a4-159b-4ee4-86de-053ce0f056e4",
            "remote": "161.26.0.0/16",
            "rule_id": "r006-0c91961d-b386-4fcf-9fc5-4ccd80fa4d31",
            "tcp": [],
            "udp": [
              {
                "port_max": 53,
                "port_min": 53
              }
            ]
          },
          "private": "bnVsbA==",
          "dependencies": [
            "module.backend.ibm_is_security_group.backend",
            "module.bastion.ibm_is_security_group.bastion",
            "module.frontend.ibm_is_security_group.frontend",
            "module.vpc.ibm_is_vpc.vpc"
          ]
        },
        {
          "index_key": 4,
          "schema_version": 0,
          "attributes": {
            "direction": "outbound",
            "group": "r006-243163a4-159b-4ee4-86de-053ce0f056e4",
            "icmp": [],
            "id": "r006-243163a4-159b-4ee4-86de-053ce0f056e4.r006-6311a598-3161-457c-a692-171cb074e38a",
            "ip_version": "ipv4",
            "protocol": "tcp",
            "related_crn": "crn:v1:bluemix:public:is:us-south:a/1f7277194bb748cdb1d35fd8fb85a7cb::security-group:r006-243163a4-159b-4ee4-86de-053ce0f056e4",
            "remote": "161.26.0.0/16",
            "rule_id": "r006-6311a598-3161-457c-a692-171cb074e38a",
            "tcp": [
              {
                "port_max": 80,
                "port_min": 80
              }
            ],
            "udp": []
          },
          "private": "bnVsbA==",
          "dependencies": [
            "module.backend.ibm_is_security_group.backend",
            "module.bastion.ibm_is_security_group.bastion",
            "module.frontend.ibm_is_security_group.frontend",
            "module.vpc.ibm_is_vpc.vpc"
          ]
        },
        {
          "index_key": 5,
          "schema_version": 0,
          "attributes": {
            "direction": "outbound",
            "group": "r006-243163a4-159b-4ee4-86de-053ce0f056e4",
            "icmp": [],
            "id": "r006-243163a4-159b-4ee4-86de-053ce0f056e4.r006-9d40ab4d-64ac-40e6-b7dc-5c6220d14504",
            "ip_version": "ipv4",
            "protocol": "tcp",
            "related_crn": "crn:v1:bluemix:public:is:us-south:a/1f7277194bb748cdb1d35fd8fb85a7cb::security-group:r006-243163a4-159b-4ee4-86de-053ce0f056e4",
            "remote": "161.26.0.0/16",
            "rule_id": "r006-9d40ab4d-64ac-40e6-b7dc-5c6220d14504",
            "tcp": [
              {
                "port_max": 443,
                "port_min": 443
              }
            ],
            "udp": []
          },
          "private": "bnVsbA==",
          "dependencies": [
            "module.backend.ibm_is_security_group.backend",
            "module.bastion.ibm_is_security_group.bastion",
            "module.frontend.ibm_is_security_group.frontend",
            "module.vpc.ibm_is_vpc.vpc"
          ]
        }
      ]
    },
    {
      "module": "module.frontend",
      "mode": "managed",
      "type": "ibm_is_security_group_rule",
      "name": "frontend_access",
      "each": "list",
      "provider": "provider.ibm",
      "instances": [
        {
          "index_key": 0,
          "schema_version": 0,
          "attributes": {
            "direction": "outbound",
            "group": "r006-3b84b9d0-7ac3-4737-b246-0c292cfbe98f",
            "icmp": [],
            "id": "r006-3b84b9d0-7ac3-4737-b246-0c292cfbe98f.r006-3cc9cd88-dca4-4c4a-9397-784989b42456",
            "ip_version": "ipv4",
            "protocol": "tcp",
            "related_crn": "crn:v1:bluemix:public:is:us-south:a/1f7277194bb748cdb1d35fd8fb85a7cb::security-group:r006-3b84b9d0-7ac3-4737-b246-0c292cfbe98f",
            "remote": "r006-2c76d15b-7987-442b-811d-247bf43c3c24",
            "rule_id": "r006-3cc9cd88-dca4-4c4a-9397-784989b42456",
            "tcp": [
              {
                "port_max": 27017,
                "port_min": 27017
              }
            ],
            "udp": []
          },
          "private": "bnVsbA==",
          "dependencies": [
            "module.backend.ibm_is_security_group.backend",
            "module.bastion.ibm_is_security_group.bastion",
            "module.frontend.ibm_is_security_group.frontend",
            "module.vpc.ibm_is_vpc.vpc"
          ]
        },
        {
          "index_key": 1,
          "schema_version": 0,
          "attributes": {
            "direction": "inbound",
            "group": "r006-3b84b9d0-7ac3-4737-b246-0c292cfbe98f",
            "icmp": [],
            "id": "r006-3b84b9d0-7ac3-4737-b246-0c292cfbe98f.r006-102e4c02-9aad-4aeb-b269-011804a29c0a",
            "ip_version": "ipv4",
            "protocol": "tcp",
            "related_crn": "crn:v1:bluemix:public:is:us-south:a/1f7277194bb748cdb1d35fd8fb85a7cb::security-group:r006-3b84b9d0-7ac3-4737-b246-0c292cfbe98f",
            "remote": "r006-243163a4-159b-4ee4-86de-053ce0f056e4",
            "rule_id": "r006-102e4c02-9aad-4aeb-b269-011804a29c0a",
            "tcp": [
              {
                "port_max": 22,
                "port_min": 22
              }
            ],
            "udp": []
          },
          "private": "bnVsbA==",
          "dependencies": [
            "module.backend.ibm_is_security_group.backend",
            "module.bastion.ibm_is_security_group.bastion",
            "module.frontend.ibm_is_security_group.frontend",
            "module.vpc.ibm_is_vpc.vpc"
          ]
        },
        {
          "index_key": 2,
          "schema_version": 0,
          "attributes": {
            "direction": "outbound",
            "group": "r006-3b84b9d0-7ac3-4737-b246-0c292cfbe98f",
            "icmp": [],
            "id": "r006-3b84b9d0-7ac3-4737-b246-0c292cfbe98f.r006-7f9cb40f-8cb2-429f-9a12-72d88c6d4eab",
            "ip_version": "ipv4",
            "protocol": "tcp",
            "related_crn": "crn:v1:bluemix:public:is:us-south:a/1f7277194bb748cdb1d35fd8fb85a7cb::security-group:r006-3b84b9d0-7ac3-4737-b246-0c292cfbe98f",
            "remote": "161.26.0.0/24",
            "rule_id": "r006-7f9cb40f-8cb2-429f-9a12-72d88c6d4eab",
            "tcp": [
              {
                "port_max": 443,
                "port_min": 443
              }
            ],
            "udp": []
          },
          "private": "bnVsbA==",
          "dependencies": [
            "module.backend.ibm_is_security_group.backend",
            "module.bastion.ibm_is_security_group.bastion",
            "module.frontend.ibm_is_security_group.frontend",
            "module.vpc.ibm_is_vpc.vpc"
          ]
        },
        {
          "index_key": 3,
          "schema_version": 0,
          "attributes": {
            "direction": "outbound",
            "group": "r006-3b84b9d0-7ac3-4737-b246-0c292cfbe98f",
            "icmp": [],
            "id": "r006-3b84b9d0-7ac3-4737-b246-0c292cfbe98f.r006-f518bc3a-2119-4ac7-b7fb-b7cf42458d35",
            "ip_version": "ipv4",
            "protocol": "tcp",
            "related_crn": "crn:v1:bluemix:public:is:us-south:a/1f7277194bb748cdb1d35fd8fb85a7cb::security-group:r006-3b84b9d0-7ac3-4737-b246-0c292cfbe98f",
            "remote": "161.26.0.0/24",
            "rule_id": "r006-f518bc3a-2119-4ac7-b7fb-b7cf42458d35",
            "tcp": [
              {
                "port_max": 80,
                "port_min": 80
              }
            ],
            "udp": []
          },
          "private": "bnVsbA==",
          "dependencies": [
            "module.backend.ibm_is_security_group.backend",
            "module.bastion.ibm_is_security_group.bastion",
            "module.frontend.ibm_is_security_group.frontend",
            "module.vpc.ibm_is_vpc.vpc"
          ]
        },
        {
          "index_key": 4,
          "schema_version": 0,
          "attributes": {
            "direction": "outbound",
            "group": "r006-3b84b9d0-7ac3-4737-b246-0c292cfbe98f",
            "icmp": [],
            "id": "r006-3b84b9d0-7ac3-4737-b246-0c292cfbe98f.r006-9604e386-7857-45a4-ba1b-f53aedce4b3a",
            "ip_version": "ipv4",
            "protocol": "udp",
            "related_crn": "crn:v1:bluemix:public:is:us-south:a/1f7277194bb748cdb1d35fd8fb85a7cb::security-group:r006-3b84b9d0-7ac3-4737-b246-0c292cfbe98f",
            "remote": "161.26.0.0/24",
            "rule_id": "r006-9604e386-7857-45a4-ba1b-f53aedce4b3a",
            "tcp": [],
            "udp": [
              {
                "port_max": 53,
                "port_min": 53
              }
            ]
          },
          "private": "bnVsbA==",
          "dependencies": [
            "module.backend.ibm_is_security_group.backend",
            "module.bastion.ibm_is_security_group.bastion",
            "module.frontend.ibm_is_security_group.frontend",
            "module.vpc.ibm_is_vpc.vpc"
          ]
        },
        {
          "index_key": 5,
          "schema_version": 0,
          "attributes": {
            "direction": "outbound",
            "group": "r006-3b84b9d0-7ac3-4737-b246-0c292cfbe98f",
            "icmp": [],
            "id": "r006-3b84b9d0-7ac3-4737-b246-0c292cfbe98f.r006-7d6d0a4f-28b3-4006-9c5d-7a3981114891",
            "ip_version": "ipv4",
            "protocol": "tcp",
            "related_crn": "crn:v1:bluemix:public:is:us-south:a/1f7277194bb748cdb1d35fd8fb85a7cb::security-group:r006-3b84b9d0-7ac3-4737-b246-0c292cfbe98f",
            "remote": "0.0.0.0/0",
            "rule_id": "r006-7d6d0a4f-28b3-4006-9c5d-7a3981114891",
            "tcp": [
              {
                "port_max": 80,
                "port_min": 80
              }
            ],
            "udp": []
          },
          "private": "bnVsbA==",
          "dependencies": [
            "module.backend.ibm_is_security_group.backend",
            "module.bastion.ibm_is_security_group.bastion",
            "module.frontend.ibm_is_security_group.frontend",
            "module.vpc.ibm_is_vpc.vpc"
          ]
        },
        {
          "index_key": 6,
          "schema_version": 0,
          "attributes": {
            "direction": "outbound",
            "group": "r006-3b84b9d0-7ac3-4737-b246-0c292cfbe98f",
            "icmp": [],
            "id": "r006-3b84b9d0-7ac3-4737-b246-0c292cfbe98f.r006-ef5821e5-d113-416d-b949-1b08b18de7ca",
            "ip_version": "ipv4",
            "protocol": "tcp",
            "related_crn": "crn:v1:bluemix:public:is:us-south:a/1f7277194bb748cdb1d35fd8fb85a7cb::security-group:r006-3b84b9d0-7ac3-4737-b246-0c292cfbe98f",
            "remote": "0.0.0.0/0",
            "rule_id": "r006-ef5821e5-d113-416d-b949-1b08b18de7ca",
            "tcp": [
              {
                "port_max": 443,
                "port_min": 443
              }
            ],
            "udp": []
          },
          "private": "bnVsbA==",
          "dependencies": [
            "module.backend.ibm_is_security_group.backend",
            "module.bastion.ibm_is_security_group.bastion",
            "module.frontend.ibm_is_security_group.frontend",
            "module.vpc.ibm_is_vpc.vpc"
          ]
        },
        {
          "index_key": 7,
          "schema_version": 0,
          "attributes": {
            "direction": "inbound",
            "group": "r006-3b84b9d0-7ac3-4737-b246-0c292cfbe98f",
            "icmp": [],
            "id": "r006-3b84b9d0-7ac3-4737-b246-0c292cfbe98f.r006-f27945fe-9d06-4f3c-9258-66d82eb6e8f1",
            "ip_version": "ipv4",
            "protocol": "tcp",
            "related_crn": "crn:v1:bluemix:public:is:us-south:a/1f7277194bb748cdb1d35fd8fb85a7cb::security-group:r006-3b84b9d0-7ac3-4737-b246-0c292cfbe98f",
            "remote": "0.0.0.0/0",
            "rule_id": "r006-f27945fe-9d06-4f3c-9258-66d82eb6e8f1",
            "tcp": [
              {
                "port_max": 8080,
                "port_min": 8080
              }
            ],
            "udp": []
          },
          "private": "bnVsbA==",
          "dependencies": [
            "module.backend.ibm_is_security_group.backend",
            "module.bastion.ibm_is_security_group.bastion",
            "module.frontend.ibm_is_security_group.frontend",
            "module.vpc.ibm_is_vpc.vpc"
          ]
        }
      ]
    },
    {
      "module": "module.vpc",
      "mode": "managed",
      "type": "ibm_is_subnet",
      "name": "backend_subnet",
      "each": "list",
      "provider": "provider.ibm",
      "instances": []
    },
    {
      "module": "module.bastion",
      "mode": "managed",
      "type": "ibm_is_subnet",
      "name": "bastion_subnet",
      "each": "list",
      "provider": "provider.ibm",
      "instances": [
        {
          "index_key": 0,
          "schema_version": 0,
          "attributes": {
            "access_tags": [],
            "available_ipv4_address_count": 250,
            "crn": "crn:v1:bluemix:public:is:us-south-1:a/1f7277194bb748cdb1d35fd8fb85a7cb::subnet:0717-2380d2b4-1b55-48cc-ade0-7220b00c7d97",
            "id": "0717-2380d2b4-1b55-48cc-ade0-7220b00c7d97",
            "ip_version": "ipv4",
            "ipv4_cidr_block": "172.22.192.0/24",
            "name": "ssh-bastion-host1-bast-subnet-1",
            "network_acl": "r006-992d72be-b728-4b16-8562-1e9f117066b1",
            "public_gateway": "",
            "resource_controller_url": "https://cloud.ibm.com/vpc-ext/network/subnets",
            "resource_crn": "crn:v1:bluemix:public:is:us-south-1:a/1f7277194bb748cdb1d35fd8fb85a7cb::subnet:0717-2380d2b4-1b55-48cc-ade0-7220b00c7d97",
            "resource_group": "de170ed931fd4629a13c98d6a4e7940c",
            "resource_group_name": "resource-graph",
            "resource_name": "ssh-bastion-host1-bast-subnet-1",
            "resource_status": "available",
            "routing_table": "r006-468af9b5-1703-4bc7-a9c8-47de32018d9f",
            "status": "available",
            "tags": [],
            "timeouts": null,
            "total_ipv4_address_count": 256,
            "vpc": "r006-fd327bff-c7f3-42c9-85b4-a62f892f5d98",
            "zone": "us-south-1"
          },
          "private": "eyJlMmJmYjczMC1lY2FhLTExZTYtOGY4OC0zNDM2M2JjN2M0YzAiOnsiY3JlYXRlIjo2MDAwMDAwMDAwMDAsImRlbGV0ZSI6NjAwMDAwMDAwMDAwLCJ1cGRhdGUiOjYwMDAwMDAwMDAwMH19",
          "dependencies": [
            "module.bastion.ibm_is_network_acl.bastion_acl",
            "module.bastion.ibm_is_vpc_address_prefix.bast_subnet_prefix",
            "module.bastion.random_string.uuid",
            "module.vpc.ibm_is_vpc.vpc"
          ]
        }
      ]
    },
    {
      "module": "module.vpc",
      "mode": "managed",
      "type": "ibm_is_subnet",
      "name": "frontend_subnet",
      "each": "list",
      "provider": "provider.ibm",
      "instances": []
    },
    {
      "module": "module.vpc",
      "mode": "managed",
      "type": "ibm_is_vpc",
      "name": "vpc",
      "provider": "provider.ibm",
      "instances": [
        {
          "schema_version": 0,
          "attributes": {
            "address_prefix_management": "manual",
            "classic_access": false,
            "crn": "crn:v1:bluemix:public:is:us-south:a/1f7277194bb748cdb1d35fd8fb85a7cb::vpc:r006-fd327bff-c7f3-42c9-85b4-a62f892f5d98",
            "cse_source_addresses": [
              {
                "address": "10.12.121.0",
                "zone_name": "us-south-1"
              },
              {
                "address": "10.16.241.128",
                "zone_name": "us-south-2"
              },
              {
                "address": "10.16.250.181",
                "zone_name": "us-south-3"
              }
            ],
            "default_network_acl": "r006-36c2ae39-ec54-456e-a4d5-dd06d6248b35",
            "default_network_acl_crn": "crn:v1:bluemix:public:is:us-south:a/1f7277194bb748cdb1d35fd8fb85a7cb::network-acl:r006-36c2ae39-ec54-456e-a4d5-dd06d6248b35",
            "default_network_acl_name": "unhappy-phony-spearfish-nimbly",
            "default_routing_table": "r006-468af9b5-1703-4bc7-a9c8-47de32018d9f",
            "default_routing_table_name": "imposing-recycler-easily-myspace",
            "default_security_group": "r006-d717b822-eadd-469d-adb8-f29f6c525433",
            "default_security_group_crn": "crn:v1:bluemix:public:is:us-south:a/1f7277194bb748cdb1d35fd8fb85a7cb::security-group:r006-d717b822-eadd-469d-adb8-f29f6c525433",
            "default_security_group_name": "connected-threefold-manifesto-quickness",
            "id": "r006-fd327bff-c7f3-42c9-85b4-a62f892f5d98",
            "name": "ssh-bastion-host1",
            "resource_controller_url": "https://cloud.ibm.com/vpc-ext/network/vpcs",
            "resource_crn": "crn:v1:bluemix:public:is:us-south:a/1f7277194bb748cdb1d35fd8fb85a7cb::vpc:r006-fd327bff-c7f3-42c9-85b4-a62f892f5d98",
            "resource_group": "de170ed931fd4629a13c98d6a4e7940c",
            "resource_group_name": "resource-graph",
            "resource_name": "ssh-bastion-host1",
            "resource_status": "available",
            "security_group": [
              {
                "group_id": "r006-243163a4-159b-4ee4-86de-053ce0f056e4",
                "group_name": "ssh-bastion-host1-bastion-sg",
                "rules": [
                  {
                    "code": 0,
                    "direction": "outbound",
                    "ip_version": "ipv4",
                    "port_max": 80,
                    "port_min": 80,
                    "protocol": "tcp",
                    "remote": "161.26.0.0/16",
                    "rule_id": "r006-6311a598-3161-457c-a692-171cb074e38a",
                    "type": 0
                  },
                  {
                    "code": 0,
                    "direction": "inbound",
                    "ip_version": "ipv4",
                    "port_max": 22,
                    "port_min": 22,
                    "protocol": "tcp",
                    "remote": "0.0.0.0/0",
                    "rule_id": "r006-bbc2b0c8-3ba6-456e-8b57-511b22ca57ec",
                    "type": 0
                  },
                  {
                    "code": 0,
                    "direction": "outbound",
                    "ip_version": "ipv4",
                    "port_max": 443,
                    "port_min": 443,
                    "protocol": "tcp",
                    "remote": "161.26.0.0/16",
                    "rule_id": "r006-9d40ab4d-64ac-40e6-b7dc-5c6220d14504",
                    "type": 0
                  },
                  {
                    "code": 0,
                    "direction": "outbound",
                    "ip_version": "ipv4",
                    "port_max": 53,
                    "port_min": 53,
                    "protocol": "udp",
                    "remote": "161.26.0.0/16",
                    "rule_id": "r006-0c91961d-b386-4fcf-9fc5-4ccd80fa4d31",
                    "type": 0
                  },
                  {
                    "code": 0,
                    "direction": "outbound",
                    "ip_version": "ipv4",
                    "port_max": 22,
                    "port_min": 22,
                    "protocol": "tcp",
                    "remote": "r006-3b84b9d0-7ac3-4737-b246-0c292cfbe98f",
                    "rule_id": "r006-9013404e-9191-4a4c-a107-d9a9a74ab929",
                    "type": 0
                  },
                  {
                    "code": 0,
                    "direction": "outbound",
                    "ip_version": "ipv4",
                    "port_max": 22,
                    "port_min": 22,
                    "protocol": "tcp",
                    "remote": "r006-2c76d15b-7987-442b-811d-247bf43c3c24",
                    "rule_id": "r006-a8f5c73a-2c17-4b2a-aa80-55e5ade40d99",
                    "type": 0
                  }
                ]
              },
              {
                "group_id": "r006-2c76d15b-7987-442b-811d-247bf43c3c24",
                "group_name": "ssh-bastion-host1-backend-sg",
                "rules": [
                  {
                    "code": 0,
                    "direction": "outbound",
                    "ip_version": "ipv4",
                    "port_max": 443,
                    "port_min": 443,
                    "protocol": "tcp",
                    "remote": "0.0.0.0/0",
                    "rule_id": "r006-b1f9bc72-7cdb-47c0-b6fb-3e021f2d78f1",
                    "type": 0
                  },
                  {
                    "code": 0,
                    "direction": "outbound",
                    "ip_version": "ipv4",
                    "port_max": 443,
                    "port_min": 443,
                    "protocol": "tcp",
                    "remote": "161.26.0.0/24",
                    "rule_id": "r006-03fc47b3-928e-4a96-9c33-49d0abd339f3",
                    "type": 0
                  },
                  {
                    "code": 0,
                    "direction": "outbound",
                    "ip_version": "ipv4",
                    "port_max": 80,
                    "port_min": 80,
                    "protocol": "tcp",
                    "remote": "161.26.0.0/24",
                    "rule_id": "r006-3250104b-2a7b-459d-b5b4-3bdc525426a0",
                    "type": 0
                  },
                  {
                    "code": 0,
                    "direction": "inbound",
                    "ip_version": "ipv4",
                    "port_max": 80,
                    "port_min": 80,
                    "protocol": "tcp",
                    "remote": "0.0.0.0/0",
                    "rule_id": "r006-db1b1a01-6216-4544-96b5-ad273452d933",
                    "type": 0
                  },
                  {
                    "code": 0,
                    "direction": "inbound",
                    "ip_version": "ipv4",
                    "port_max": 27017,
                    "port_min": 27017,
                    "protocol": "tcp",
                    "remote": "r006-3b84b9d0-7ac3-4737-b246-0c292cfbe98f",
                    "rule_id": "r006-4601ecfb-817e-41f5-b58c-97658427a524",
                    "type": 0
                  },
                  {
                    "code": 0,
                    "direction": "outbound",
                    "ip_version": "ipv4",
                    "port_max": 53,
                    "port_min": 53,
                    "protocol": "udp",
                    "remote": "161.26.0.0/24",
                    "rule_id": "r006-a527e6d2-c26e-4ae3-8dcc-1a3d99fe9cdd",
                    "type": 0
                  },
                  {
                    "code": 0,
                    "direction": "inbound",
                    "ip_version": "ipv4",
                    "port_max": 22,
                    "port_min": 22,
                    "protocol": "tcp",
                    "remote": "r006-243163a4-159b-4ee4-86de-053ce0f056e4",
                    "rule_id": "r006-50127abd-a900-48cb-acff-0f070411b652",
                    "type": 0
                  }
                ]
              },
              {
                "group_id": "r006-3b84b9d0-7ac3-4737-b246-0c292cfbe98f",
                "group_name": "ssh-bastion-host1-frontend-sg",
                "rules": [
                  {
                    "code": 0,
                    "direction": "outbound",
                    "ip_version": "ipv4",
                    "port_max": 80,
                    "port_min": 80,
                    "protocol": "tcp",
                    "remote": "0.0.0.0/0",
                    "rule_id": "r006-7d6d0a4f-28b3-4006-9c5d-7a3981114891",
                    "type": 0
                  },
                  {
                    "code": 0,
                    "direction": "inbound",
                    "ip_version": "ipv4",
                    "port_max": 22,
                    "port_min": 22,
                    "protocol": "tcp",
                    "remote": "r006-243163a4-159b-4ee4-86de-053ce0f056e4",
                    "rule_id": "r006-102e4c02-9aad-4aeb-b269-011804a29c0a",
                    "type": 0
                  },
                  {
                    "code": 0,
                    "direction": "outbound",
                    "ip_version": "ipv4",
                    "port_max": 53,
                    "port_min": 53,
                    "protocol": "udp",
                    "remote": "161.26.0.0/24",
                    "rule_id": "r006-9604e386-7857-45a4-ba1b-f53aedce4b3a",
                    "type": 0
                  },
                  {
                    "code": 0,
                    "direction": "outbound",
                    "ip_version": "ipv4",
                    "port_max": 443,
                    "port_min": 443,
                    "protocol": "tcp",
                    "remote": "161.26.0.0/24",
                    "rule_id": "r006-7f9cb40f-8cb2-429f-9a12-72d88c6d4eab",
                    "type": 0
                  },
                  {
                    "code": 0,
                    "direction": "outbound",
                    "ip_version": "ipv4",
                    "port_max": 27017,
                    "port_min": 27017,
                    "protocol": "tcp",
                    "remote": "r006-2c76d15b-7987-442b-811d-247bf43c3c24",
                    "rule_id": "r006-3cc9cd88-dca4-4c4a-9397-784989b42456",
                    "type": 0
                  },
                  {
                    "code": 0,
                    "direction": "outbound",
                    "ip_version": "ipv4",
                    "port_max": 443,
                    "port_min": 443,
                    "protocol": "tcp",
                    "remote": "0.0.0.0/0",
                    "rule_id": "r006-ef5821e5-d113-416d-b949-1b08b18de7ca",
                    "type": 0
                  },
                  {
                    "code": 0,
                    "direction": "inbound",
                    "ip_version": "ipv4",
                    "port_max": 8080,
                    "port_min": 8080,
                    "protocol": "tcp",
                    "remote": "0.0.0.0/0",
                    "rule_id": "r006-f27945fe-9d06-4f3c-9258-66d82eb6e8f1",
                    "type": 0
                  },
                  {
                    "code": 0,
                    "direction": "outbound",
                    "ip_version": "ipv4",
                    "port_max": 80,
                    "port_min": 80,
                    "protocol": "tcp",
                    "remote": "161.26.0.0/24",
                    "rule_id": "r006-f518bc3a-2119-4ac7-b7fb-b7cf42458d35",
                    "type": 0
                  }
                ]
              },
              {
                "group_id": "r006-d717b822-eadd-469d-adb8-f29f6c525433",
                "group_name": "connected-threefold-manifesto-quickness",
                "rules": [
                  {
                    "code": 0,
                    "direction": "outbound",
                    "ip_version": "ipv4",
                    "port_max": 0,
                    "port_min": 0,
                    "protocol": "all",
                    "remote": "0.0.0.0/0",
                    "rule_id": "r006-476b2188-dd0e-48cb-90bd-957e1bf6038d",
                    "type": 0
                  },
                  {
                    "code": 0,
                    "direction": "inbound",
                    "ip_version": "ipv4",
                    "port_max": 0,
                    "port_min": 0,
                    "protocol": "all",
                    "remote": "r006-d717b822-eadd-469d-adb8-f29f6c525433",
                    "rule_id": "r006-4ca7c5f3-b5ef-43f6-84c0-82930ae6e2d4",
                    "type": 0
                  }
                ]
              }
            ],
            "status": "available",
            "subnets": [
              {
                "available_ipv4_address_count": 250,
                "id": "0717-2380d2b4-1b55-48cc-ade0-7220b00c7d97",
                "name": "ssh-bastion-host1-bast-subnet-1",
                "status": "available",
                "total_ipv4_address_count": 256,
                "zone": "us-south-1"
              }
            ],
            "tags": [],
            "timeouts": null
          },
          "private": "eyJlMmJmYjczMC1lY2FhLTExZTYtOGY4OC0zNDM2M2JjN2M0YzAiOnsiY3JlYXRlIjo2MDAwMDAwMDAwMDAsImRlbGV0ZSI6NjAwMDAwMDAwMDAwfX0="
        }
      ]
    },
    {
      "module": "module.vpc",
      "mode": "managed",
      "type": "ibm_is_vpc_address_prefix",
      "name": "backend_subnet_prefix",
      "each": "list",
      "provider": "provider.ibm",
      "instances": [
        {
          "index_key": 0,
          "schema_version": 0,
          "attributes": {
            "cidr": "172.17.0.0/24",
            "has_subnets": false,
            "id": "r006-fd327bff-c7f3-42c9-85b4-a62f892f5d98/r006-d39025a9-1249-4f58-8dee-83c7c33ecc99",
            "is_default": false,
            "name": "ssh-bastion-host1-backend-prefix-zone-1",
            "related_crn": "crn:v1:bluemix:public:is:us-south:a/1f7277194bb748cdb1d35fd8fb85a7cb::vpc:r006-fd327bff-c7f3-42c9-85b4-a62f892f5d98",
            "vpc": "r006-fd327bff-c7f3-42c9-85b4-a62f892f5d98",
            "zone": "us-south-1"
          },
          "private": "bnVsbA==",
          "dependencies": [
            "module.vpc.ibm_is_vpc.vpc"
          ]
        }
      ]
    },
    {
      "module": "module.bastion",
      "mode": "managed",
      "type": "ibm_is_vpc_address_prefix",
      "name": "bast_subnet_prefix",
      "each": "list",
      "provider": "provider.ibm",
      "instances": [
        {
          "index_key": 0,
          "schema_version": 0,
          "attributes": {
            "cidr": "172.22.192.0/24",
            "has_subnets": true,
            "id": "r006-fd327bff-c7f3-42c9-85b4-a62f892f5d98/r006-edb87ede-d0e4-483e-8b30-0957aa369951",
            "is_default": false,
            "name": "ssh-bastion-host1-bast-prefix-zone-1",
            "related_crn": "crn:v1:bluemix:public:is:us-south:a/1f7277194bb748cdb1d35fd8fb85a7cb::vpc:r006-fd327bff-c7f3-42c9-85b4-a62f892f5d98",
            "vpc": "r006-fd327bff-c7f3-42c9-85b4-a62f892f5d98",
            "zone": "us-south-1"
          },
          "private": "bnVsbA==",
          "dependencies": [
            "module.vpc.ibm_is_vpc.vpc"
          ]
        }
      ]
    },
    {
      "module": "module.vpc",
      "mode": "managed",
      "type": "ibm_is_vpc_address_prefix",
      "name": "frontend_subnet_prefix",
      "each": "list",
      "provider": "provider.ibm",
      "instances": [
        {
          "index_key": 0,
          "schema_version": 0,
          "attributes": {
            "cidr": "172.16.0.0/24",
            "has_subnets": false,
            "id": "r006-fd327bff-c7f3-42c9-85b4-a62f892f5d98/r006-9bcf1c91-6823-47b5-b1e5-b20bc68ab636",
            "is_default": false,
            "name": "ssh-bastion-host1-frontend-prefix-zone-1",
            "related_crn": "crn:v1:bluemix:public:is:us-south:a/1f7277194bb748cdb1d35fd8fb85a7cb::vpc:r006-fd327bff-c7f3-42c9-85b4-a62f892f5d98",
            "vpc": "r006-fd327bff-c7f3-42c9-85b4-a62f892f5d98",
            "zone": "us-south-1"
          },
          "private": "bnVsbA==",
          "dependencies": [
            "module.vpc.ibm_is_vpc.vpc"
          ]
        },
        {
          "index_key": 1,
          "schema_version": 0,
          "attributes": {
            "cidr": "172.16.2.0/24",
            "has_subnets": false,
            "id": "r006-fd327bff-c7f3-42c9-85b4-a62f892f5d98/r006-7bccf92a-0d19-4d92-b522-c46c7924cdb4",
            "is_default": false,
            "name": "ssh-bastion-host1-frontend-prefix-zone-2",
            "related_crn": "crn:v1:bluemix:public:is:us-south:a/1f7277194bb748cdb1d35fd8fb85a7cb::vpc:r006-fd327bff-c7f3-42c9-85b4-a62f892f5d98",
            "vpc": "r006-fd327bff-c7f3-42c9-85b4-a62f892f5d98",
            "zone": "us-south-2"
          },
          "private": "bnVsbA==",
          "dependencies": [
            "module.vpc.ibm_is_vpc.vpc"
          ]
        }
      ]
    },
    {
      "module": "module.bastion",
      "mode": "managed",
      "type": "random_string",
      "name": "uuid",
      "each": "list",
      "provider": "provider.random",
      "instances": [
        {
          "index_key": 0,
          "schema_version": 1,
          "attributes": {
            "id": "vsmeylsy",
            "keepers": null,
            "length": 8,
            "lower": true,
            "min_lower": 0,
            "min_numeric": 0,
            "min_special": 0,
            "min_upper": 0,
            "number": false,
            "override_special": null,
            "result": "vsmeylsy",
            "special": false,
            "upper": false
          },
          "private": "eyJzY2hlbWFfdmVyc2lvbiI6IjEifQ=="
        },
        {
          "index_key": 1,
          "schema_version": 1,
          "attributes": {
            "id": "ijafqtms",
            "keepers": null,
            "length": 8,
            "lower": true,
            "min_lower": 0,
            "min_numeric": 0,
            "min_special": 0,
            "min_upper": 0,
            "number": false,
            "override_special": null,
            "result": "ijafqtms",
            "special": false,
            "upper": false
          },
          "private": "eyJzY2hlbWFfdmVyc2lvbiI6IjEifQ=="
        },
        {
          "index_key": 2,
          "schema_version": 1,
          "attributes": {
            "id": "votdmaub",
            "keepers": null,
            "length": 8,
            "lower": true,
            "min_lower": 0,
            "min_numeric": 0,
            "min_special": 0,
            "min_upper": 0,
            "number": false,
            "override_special": null,
            "result": "votdmaub",
            "special": false,
            "upper": false
          },
          "private": "eyJzY2hlbWFfdmVyc2lvbiI6IjEifQ=="
        },
        {
          "index_key": 3,
          "schema_version": 1,
          "attributes": {
            "id": "apnwpgcq",
            "keepers": null,
            "length": 8,
            "lower": true,
            "min_lower": 0,
            "min_numeric": 0,
            "min_special": 0,
            "min_upper": 0,
            "number": false,
            "override_special": null,
            "result": "apnwpgcq",
            "special": false,
            "upper": false
          },
          "private": "eyJzY2hlbWFfdmVyc2lvbiI6IjEifQ=="
        },
        {
          "index_key": 4,
          "schema_version": 1,
          "attributes": {
            "id": "aixlwafa",
            "keepers": null,
            "length": 8,
            "lower": true,
            "min_lower": 0,
            "min_numeric": 0,
            "min_special": 0,
            "min_upper": 0,
            "number": false,
            "override_special": null,
            "result": "aixlwafa",
            "special": false,
            "upper": false
          },
          "private": "eyJzY2hlbWFfdmVyc2lvbiI6IjEifQ=="
        },
        {
          "index_key": 5,
          "schema_version": 1,
          "attributes": {
            "id": "hpfqxtim",
            "keepers": null,
            "length": 8,
            "lower": true,
            "min_lower": 0,
            "min_numeric": 0,
            "min_special": 0,
            "min_upper": 0,
            "number": false,
            "override_special": null,
            "result": "hpfqxtim",
            "special": false,
            "upper": false
          },
          "private": "eyJzY2hlbWFfdmVyc2lvbiI6IjEifQ=="
        },
        {
          "index_key": 6,
          "schema_version": 1,
          "attributes": {
            "id": "srhjopoi",
            "keepers": null,
            "length": 8,
            "lower": true,
            "min_lower": 0,
            "min_numeric": 0,
            "min_special": 0,
            "min_upper": 0,
            "number": false,
            "override_special": null,
            "result": "srhjopoi",
            "special": false,
            "upper": false
          },
          "private": "eyJzY2hlbWFfdmVyc2lvbiI6IjEifQ=="
        },
        {
          "index_key": 7,
          "schema_version": 1,
          "attributes": {
            "id": "pimprlbw",
            "keepers": null,
            "length": 8,
            "lower": true,
            "min_lower": 0,
            "min_numeric": 0,
            "min_special": 0,
            "min_upper": 0,
            "number": false,
            "override_special": null,
            "result": "pimprlbw",
            "special": false,
            "upper": false
          },
          "private": "eyJzY2hlbWFfdmVyc2lvbiI6IjEifQ=="
        },
        {
          "index_key": 8,
          "schema_version": 1,
          "attributes": {
            "id": "wqboywnp",
            "keepers": null,
            "length": 8,
            "lower": true,
            "min_lower": 0,
            "min_numeric": 0,
            "min_special": 0,
            "min_upper": 0,
            "number": false,
            "override_special": null,
            "result": "wqboywnp",
            "special": false,
            "upper": false
          },
          "private": "eyJzY2hlbWFfdmVyc2lvbiI6IjEifQ=="
        },
        {
          "index_key": 9,
          "schema_version": 1,
          "attributes": {
            "id": "qpyyybeo",
            "keepers": null,
            "length": 8,
            "lower": true,
            "min_lower": 0,
            "min_numeric": 0,
            "min_special": 0,
            "min_upper": 0,
            "number": false,
            "override_special": null,
            "result": "qpyyybeo",
            "special": false,
            "upper": false
          },
          "private": "eyJzY2hlbWFfdmVyc2lvbiI6IjEifQ=="
        },
        {
          "index_key": 10,
          "schema_version": 1,
          "attributes": {
            "id": "vbbogyih",
            "keepers": null,
            "length": 8,
            "lower": true,
            "min_lower": 0,
            "min_numeric": 0,
            "min_special": 0,
            "min_upper": 0,
            "number": false,
            "override_special": null,
            "result": "vbbogyih",
            "special": false,
            "upper": false
          },
          "private": "eyJzY2hlbWFfdmVyc2lvbiI6IjEifQ=="
        },
        {
          "index_key": 11,
          "schema_version": 1,
          "attributes": {
            "id": "ffdontlg",
            "keepers": null,
            "length": 8,
            "lower": true,
            "min_lower": 0,
            "min_numeric": 0,
            "min_special": 0,
            "min_upper": 0,
            "number": false,
            "override_special": null,
            "result": "ffdontlg",
            "special": false,
            "upper": false
          },
          "private": "eyJzY2hlbWFfdmVyc2lvbiI6IjEifQ=="
        }
      ]
    }
  ]
}
